PODS:
  - ChameleonFramework/Default (2.0.6)
  - ChameleonFramework/Swift (2.0.6):
    - ChameleonFramework/Default
  - FMDB (2.6):
    - FMDB/standard (= 2.6)
  - FMDB/standard (2.6)

DEPENDENCIES:
  - ChameleonFramework/Swift
  - FMDB

SPEC CHECKSUMS:
  ChameleonFramework: a6b466873ff9a4ce3a5196c20bccf1a97ad9f446
  FMDB: c1968bab3ab0aed38f66cb778ae1e7fa9a652b6e

COCOAPODS: 0.39.0
