// !$*UTF8*$!
{
	archiveVersion = 1;
	classes = {
	};
	objectVersion = 46;
	objects = {

/* Begin PBXBuildFile section */
		180ABC981A9D5CFB0053A7F6 /* PRFilterCell.xib in Resources */ = {isa = PBXBuildFile; fileRef = 180ABC971A9D5CFB0053A7F6 /* PRFilterCell.xib */; };
		1812D5431AA9A35E004C91D0 /* PRNoCursorTextField.swift in Sources */ = {isa = PBXBuildFile; fileRef = 1812D5421AA9A35E004C91D0 /* PRNoCursorTextField.swift */; };
		1812D5451AA9A771004C91D0 /* PRFilterCell.swift in Sources */ = {isa = PBXBuildFile; fileRef = 1812D5441AA9A771004C91D0 /* PRFilterCell.swift */; };
		1848284A1B4CDFC1001AB41F /* PRStringExtension.swift in Sources */ = {isa = PBXBuildFile; fileRef = 184828491B4CDFC1001AB41F /* PRStringExtension.swift */; };
		1848284B1B4CE8E9001AB41F /* PRStringExtension.swift in Sources */ = {isa = PBXBuildFile; fileRef = 184828491B4CDFC1001AB41F /* PRStringExtension.swift */; };
		1848284D1B4CF964001AB41F /* PRDetailedKanjiCell.swift in Sources */ = {isa = PBXBuildFile; fileRef = 1848284C1B4CF964001AB41F /* PRDetailedKanjiCell.swift */; };
		1860524E1A9AF44C0046247B /* PRKanjiPageControl.swift in Sources */ = {isa = PBXBuildFile; fileRef = 1860524D1A9AF44C0046247B /* PRKanjiPageControl.swift */; };
		18648AA71A9DB5EF00B5472D /* PRSearchKanjiViewController.swift in Sources */ = {isa = PBXBuildFile; fileRef = 18648AA51A9DB5EF00B5472D /* PRSearchKanjiViewController.swift */; };
		18648AA81A9DB5EF00B5472D /* PRSearchKanjiViewController.xib in Resources */ = {isa = PBXBuildFile; fileRef = 18648AA61A9DB5EF00B5472D /* PRSearchKanjiViewController.xib */; };
		1871527B1AE5EA8A008AD647 /* FontAwesome.swift in Sources */ = {isa = PBXBuildFile; fileRef = 1871527A1AE5EA8A008AD647 /* FontAwesome.swift */; };
		1871527D1AE5ED24008AD647 /* FontAwesome.otf in Resources */ = {isa = PBXBuildFile; fileRef = 1871527C1AE5EAB0008AD647 /* FontAwesome.otf */; };
		1871527F1AE5F67B008AD647 /* PRImageGenerator.swift in Sources */ = {isa = PBXBuildFile; fileRef = 1871527E1AE5F67B008AD647 /* PRImageGenerator.swift */; };
		188C73691A9EE6E600D1634C /* PRRelatedKanjiCell.swift in Sources */ = {isa = PBXBuildFile; fileRef = 188C73671A9EE6E600D1634C /* PRRelatedKanjiCell.swift */; };
		188C736A1A9EE6E600D1634C /* PRRelatedKanjiCell.xib in Resources */ = {isa = PBXBuildFile; fileRef = 188C73681A9EE6E600D1634C /* PRRelatedKanjiCell.xib */; };
		189369431A9D4DFD001DEFC4 /* PRSettingsViewController.swift in Sources */ = {isa = PBXBuildFile; fileRef = 189369411A9D4DFD001DEFC4 /* PRSettingsViewController.swift */; };
		1899D5881A9F0F1E006B63B0 /* PRMenuViewExtension.swift in Sources */ = {isa = PBXBuildFile; fileRef = 1899D5871A9F0F1E006B63B0 /* PRMenuViewExtension.swift */; };
		18C23D3E1A8C734C00AB5817 /* Kunyomi.swift in Sources */ = {isa = PBXBuildFile; fileRef = 18C23D3D1A8C734C00AB5817 /* Kunyomi.swift */; };
		18C23D401A8C734D00AB5817 /* Testable.swift in Sources */ = {isa = PBXBuildFile; fileRef = 18C23D3F1A8C734D00AB5817 /* Testable.swift */; };
		18C23D421A8C734D00AB5817 /* Sentence.swift in Sources */ = {isa = PBXBuildFile; fileRef = 18C23D411A8C734D00AB5817 /* Sentence.swift */; };
		18C23D441A8C734D00AB5817 /* Example.swift in Sources */ = {isa = PBXBuildFile; fileRef = 18C23D431A8C734D00AB5817 /* Example.swift */; };
		18C23D461A8C734D00AB5817 /* Character.swift in Sources */ = {isa = PBXBuildFile; fileRef = 18C23D451A8C734D00AB5817 /* Character.swift */; };
		18C23D481A8C734D00AB5817 /* Reading.swift in Sources */ = {isa = PBXBuildFile; fileRef = 18C23D471A8C734D00AB5817 /* Reading.swift */; };
		18C23D4A1A8C734D00AB5817 /* Onyomi.swift in Sources */ = {isa = PBXBuildFile; fileRef = 18C23D491A8C734D00AB5817 /* Onyomi.swift */; };
		18C23D4C1A8C734D00AB5817 /* Radical.swift in Sources */ = {isa = PBXBuildFile; fileRef = 18C23D4B1A8C734D00AB5817 /* Radical.swift */; };
		18C27A0A1AA4332200B8621C /* PRFilterController.swift in Sources */ = {isa = PBXBuildFile; fileRef = 18C27A091AA4332200B8621C /* PRFilterController.swift */; };
		18C494881A95A55000095A7E /* PRHeaderCoordinator.swift in Sources */ = {isa = PBXBuildFile; fileRef = 18C494871A95A55000095A7E /* PRHeaderCoordinator.swift */; };
		18C4948C1A95B78900095A7E /* PRKanjiPageViewController.swift in Sources */ = {isa = PBXBuildFile; fileRef = 18C4948B1A95B78900095A7E /* PRKanjiPageViewController.swift */; };
		18C4948E1A95B7AB00095A7E /* PRKanjiTableViewController.swift in Sources */ = {isa = PBXBuildFile; fileRef = 18C4948D1A95B7AB00095A7E /* PRKanjiTableViewController.swift */; };
		18C5DA251A92FEF2007FF4A3 /* Question.swift in Sources */ = {isa = PBXBuildFile; fileRef = 18C5DA241A92FEF2007FF4A3 /* Question.swift */; };
		18C5DA271A9314EC007FF4A3 /* testPairing.plist in Resources */ = {isa = PBXBuildFile; fileRef = 18C5DA261A9314EC007FF4A3 /* testPairing.plist */; };
		18C64F1C1A917AC5000F5641 /* PRFuriganaLabel.swift in Sources */ = {isa = PBXBuildFile; fileRef = 18C64F1B1A917AC5000F5641 /* PRFuriganaLabel.swift */; };
		18C64F261A9203C1000F5641 /* PRTestViewController.swift in Sources */ = {isa = PBXBuildFile; fileRef = 18C64F251A9203C1000F5641 /* PRTestViewController.swift */; };
		18C64F291A920400000F5641 /* PRTestResultsViewController.swift in Sources */ = {isa = PBXBuildFile; fileRef = 18C64F271A920400000F5641 /* PRTestResultsViewController.swift */; };
		18C64F2A1A920400000F5641 /* PRTestViewController.xib in Resources */ = {isa = PBXBuildFile; fileRef = 18C64F281A920400000F5641 /* PRTestViewController.xib */; };
		18C6AFF21A9463DC003C5208 /* PRColor.swift in Sources */ = {isa = PBXBuildFile; fileRef = 18C6AFF11A9463DC003C5208 /* PRColor.swift */; };
		18D0CB101A9C3C1B0027DD8F /* PRStringAttributes.swift in Sources */ = {isa = PBXBuildFile; fileRef = 18D0CB0F1A9C3C1B0027DD8F /* PRStringAttributes.swift */; };
		18D0CB121A9C5E060027DD8F /* PRKanjiTableViewHeaderCell.xib in Resources */ = {isa = PBXBuildFile; fileRef = 18D0CB111A9C5E060027DD8F /* PRKanjiTableViewHeaderCell.xib */; };
		18D0CB141A9C63E80027DD8F /* PRKanjiTableViewHeaderCell.swift in Sources */ = {isa = PBXBuildFile; fileRef = 18D0CB131A9C63E80027DD8F /* PRKanjiTableViewHeaderCell.swift */; };
		18D1705E1A8997C700672203 /* PRFlashcardMenuViewController.swift in Sources */ = {isa = PBXBuildFile; fileRef = 18D1705D1A8997C700672203 /* PRFlashcardMenuViewController.swift */; };
		18D170601A8997D700672203 /* PRTestsMenuViewController.swift in Sources */ = {isa = PBXBuildFile; fileRef = 18D1705F1A8997D700672203 /* PRTestsMenuViewController.swift */; };
		18D170621A89A0B000672203 /* PRHeaderViewCell.xib in Resources */ = {isa = PBXBuildFile; fileRef = 18D170611A89A0B000672203 /* PRHeaderViewCell.xib */; };
		18D170641A89A49B00672203 /* PRHeaderViewCell.swift in Sources */ = {isa = PBXBuildFile; fileRef = 18D170631A89A49B00672203 /* PRHeaderViewCell.swift */; };
		18D1706A1A89BBE800672203 /* flashcardItems.plist in Resources */ = {isa = PBXBuildFile; fileRef = 18D170691A89BBE800672203 /* flashcardItems.plist */; };
		18D1706E1A89D77B00672203 /* PRStateSingleton.swift in Sources */ = {isa = PBXBuildFile; fileRef = 18D1706D1A89D77B00672203 /* PRStateSingleton.swift */; };
		18D170721A89F03100672203 /* PRFlashcardPageViewController.swift in Sources */ = {isa = PBXBuildFile; fileRef = 18D170711A89F03100672203 /* PRFlashcardPageViewController.swift */; };
		18D170741A89F13100672203 /* PRFlashcardViewController.xib in Resources */ = {isa = PBXBuildFile; fileRef = 18D170731A89F13100672203 /* PRFlashcardViewController.xib */; };
		18D170761A89F3E200672203 /* PRFlashcardViewController.swift in Sources */ = {isa = PBXBuildFile; fileRef = 18D170751A89F3E200672203 /* PRFlashcardViewController.swift */; };
		18D26D9B1A883ED800A8908C /* PRDatabaseHelper.swift in Sources */ = {isa = PBXBuildFile; fileRef = 18D26D9A1A883ED800A8908C /* PRDatabaseHelper.swift */; };
		18E4E6871A8D81B30038F86B /* Flashcard.swift in Sources */ = {isa = PBXBuildFile; fileRef = 18E4E6861A8D81B30038F86B /* Flashcard.swift */; };
		18E4E6891A8D8B330038F86B /* PRCharacterExtension.swift in Sources */ = {isa = PBXBuildFile; fileRef = 18E4E6881A8D8B330038F86B /* PRCharacterExtension.swift */; };
		9890196ACBA1DBB36C220747 /* libPods-kanjijigoku.a in Frameworks */ = {isa = PBXBuildFile; fileRef = 16ED305BDA73EF495F1CC7A3 /* libPods-kanjijigoku.a */; };
		DDA8FCCE07D8A23426327FF9 /* libPods-kanjijigokuTests.a in Frameworks */ = {isa = PBXBuildFile; fileRef = 48DDE60AB133AD9253EF4C92 /* libPods-kanjijigokuTests.a */; };
		FB67D6E31A861B8A00926E38 /* AppDelegate.swift in Sources */ = {isa = PBXBuildFile; fileRef = FB67D6E21A861B8A00926E38 /* AppDelegate.swift */; };
		FB67D6E61A861B8A00926E38 /* kanjijigoku.xcdatamodeld in Sources */ = {isa = PBXBuildFile; fileRef = FB67D6E41A861B8A00926E38 /* kanjijigoku.xcdatamodeld */; };
		FB67D6E81A861B8A00926E38 /* PRKanjiMenuViewController.swift in Sources */ = {isa = PBXBuildFile; fileRef = FB67D6E71A861B8A00926E38 /* PRKanjiMenuViewController.swift */; };
		FB67D6ED1A861B8A00926E38 /* Images.xcassets in Resources */ = {isa = PBXBuildFile; fileRef = FB67D6EC1A861B8A00926E38 /* Images.xcassets */; };
		FB67D6F01A861B8A00926E38 /* LaunchScreen.xib in Resources */ = {isa = PBXBuildFile; fileRef = FB67D6EE1A861B8A00926E38 /* LaunchScreen.xib */; };
		FB67D6FC1A861B8B00926E38 /* kanjijigokuTests.swift in Sources */ = {isa = PBXBuildFile; fileRef = FB67D6FB1A861B8B00926E38 /* kanjijigokuTests.swift */; };
		FB67D7091A86232E00926E38 /* libsqlite3.dylib in Frameworks */ = {isa = PBXBuildFile; fileRef = FB67D7081A86232E00926E38 /* libsqlite3.dylib */; };
/* End PBXBuildFile section */

/* Begin PBXContainerItemProxy section */
		FB67D6F61A861B8B00926E38 /* PBXContainerItemProxy */ = {
			isa = PBXContainerItemProxy;
			containerPortal = FB67D6D51A861B8A00926E38 /* Project object */;
			proxyType = 1;
			remoteGlobalIDString = FB67D6DC1A861B8A00926E38;
			remoteInfo = kanjijigoku;
		};
/* End PBXContainerItemProxy section */

/* Begin PBXFileReference section */
		16ED305BDA73EF495F1CC7A3 /* libPods-kanjijigoku.a */ = {isa = PBXFileReference; explicitFileType = archive.ar; includeInIndex = 0; path = "libPods-kanjijigoku.a"; sourceTree = BUILT_PRODUCTS_DIR; };
		180ABC971A9D5CFB0053A7F6 /* PRFilterCell.xib */ = {isa = PBXFileReference; fileEncoding = 4; lastKnownFileType = file.xib; name = PRFilterCell.xib; path = Source/PRFilterCell.xib; sourceTree = "<group>"; };
		1812D5421AA9A35E004C91D0 /* PRNoCursorTextField.swift */ = {isa = PBXFileReference; fileEncoding = 4; lastKnownFileType = sourcecode.swift; name = PRNoCursorTextField.swift; path = Source/PRNoCursorTextField.swift; sourceTree = "<group>"; };
		1812D5441AA9A771004C91D0 /* PRFilterCell.swift */ = {isa = PBXFileReference; fileEncoding = 4; lastKnownFileType = sourcecode.swift; name = PRFilterCell.swift; path = Source/PRFilterCell.swift; sourceTree = "<group>"; };
		184828491B4CDFC1001AB41F /* PRStringExtension.swift */ = {isa = PBXFileReference; fileEncoding = 4; lastKnownFileType = sourcecode.swift; name = PRStringExtension.swift; path = Source/PRStringExtension.swift; sourceTree = "<group>"; };
		1848284C1B4CF964001AB41F /* PRDetailedKanjiCell.swift */ = {isa = PBXFileReference; fileEncoding = 4; lastKnownFileType = sourcecode.swift; name = PRDetailedKanjiCell.swift; path = Source/PRDetailedKanjiCell.swift; sourceTree = "<group>"; };
		1860524D1A9AF44C0046247B /* PRKanjiPageControl.swift */ = {isa = PBXFileReference; fileEncoding = 4; lastKnownFileType = sourcecode.swift; name = PRKanjiPageControl.swift; path = Source/PRKanjiPageControl.swift; sourceTree = "<group>"; };
		18648AA51A9DB5EF00B5472D /* PRSearchKanjiViewController.swift */ = {isa = PBXFileReference; fileEncoding = 4; lastKnownFileType = sourcecode.swift; name = PRSearchKanjiViewController.swift; path = Source/PRSearchKanjiViewController.swift; sourceTree = "<group>"; };
		18648AA61A9DB5EF00B5472D /* PRSearchKanjiViewController.xib */ = {isa = PBXFileReference; fileEncoding = 4; lastKnownFileType = file.xib; name = PRSearchKanjiViewController.xib; path = Source/PRSearchKanjiViewController.xib; sourceTree = "<group>"; };
		1871527A1AE5EA8A008AD647 /* FontAwesome.swift */ = {isa = PBXFileReference; fileEncoding = 4; lastKnownFileType = sourcecode.swift; path = FontAwesome.swift; sourceTree = "<group>"; };
		1871527C1AE5EAB0008AD647 /* FontAwesome.otf */ = {isa = PBXFileReference; lastKnownFileType = file; path = FontAwesome.otf; sourceTree = "<group>"; };
		1871527E1AE5F67B008AD647 /* PRImageGenerator.swift */ = {isa = PBXFileReference; fileEncoding = 4; lastKnownFileType = sourcecode.swift; name = PRImageGenerator.swift; path = Source/PRImageGenerator.swift; sourceTree = "<group>"; };
		188C73671A9EE6E600D1634C /* PRRelatedKanjiCell.swift */ = {isa = PBXFileReference; fileEncoding = 4; lastKnownFileType = sourcecode.swift; name = PRRelatedKanjiCell.swift; path = Source/PRRelatedKanjiCell.swift; sourceTree = "<group>"; };
		188C73681A9EE6E600D1634C /* PRRelatedKanjiCell.xib */ = {isa = PBXFileReference; fileEncoding = 4; lastKnownFileType = file.xib; name = PRRelatedKanjiCell.xib; path = Source/PRRelatedKanjiCell.xib; sourceTree = "<group>"; };
		189369411A9D4DFD001DEFC4 /* PRSettingsViewController.swift */ = {isa = PBXFileReference; fileEncoding = 4; lastKnownFileType = sourcecode.swift; name = PRSettingsViewController.swift; path = Source/PRSettingsViewController.swift; sourceTree = "<group>"; };
		1899D5871A9F0F1E006B63B0 /* PRMenuViewExtension.swift */ = {isa = PBXFileReference; fileEncoding = 4; lastKnownFileType = sourcecode.swift; name = PRMenuViewExtension.swift; path = Source/PRMenuViewExtension.swift; sourceTree = "<group>"; };
		18C23D3D1A8C734C00AB5817 /* Kunyomi.swift */ = {isa = PBXFileReference; fileEncoding = 4; lastKnownFileType = sourcecode.swift; name = Kunyomi.swift; path = Source/Kunyomi.swift; sourceTree = "<group>"; };
		18C23D3F1A8C734D00AB5817 /* Testable.swift */ = {isa = PBXFileReference; fileEncoding = 4; lastKnownFileType = sourcecode.swift; name = Testable.swift; path = Source/Testable.swift; sourceTree = "<group>"; };
		18C23D411A8C734D00AB5817 /* Sentence.swift */ = {isa = PBXFileReference; fileEncoding = 4; lastKnownFileType = sourcecode.swift; name = Sentence.swift; path = Source/Sentence.swift; sourceTree = "<group>"; };
		18C23D431A8C734D00AB5817 /* Example.swift */ = {isa = PBXFileReference; fileEncoding = 4; lastKnownFileType = sourcecode.swift; name = Example.swift; path = Source/Example.swift; sourceTree = "<group>"; };
		18C23D451A8C734D00AB5817 /* Character.swift */ = {isa = PBXFileReference; fileEncoding = 4; lastKnownFileType = sourcecode.swift; name = Character.swift; path = Source/Character.swift; sourceTree = "<group>"; };
		18C23D471A8C734D00AB5817 /* Reading.swift */ = {isa = PBXFileReference; fileEncoding = 4; lastKnownFileType = sourcecode.swift; name = Reading.swift; path = Source/Reading.swift; sourceTree = "<group>"; };
		18C23D491A8C734D00AB5817 /* Onyomi.swift */ = {isa = PBXFileReference; fileEncoding = 4; lastKnownFileType = sourcecode.swift; name = Onyomi.swift; path = Source/Onyomi.swift; sourceTree = "<group>"; };
		18C23D4B1A8C734D00AB5817 /* Radical.swift */ = {isa = PBXFileReference; fileEncoding = 4; lastKnownFileType = sourcecode.swift; name = Radical.swift; path = Source/Radical.swift; sourceTree = "<group>"; };
		18C27A091AA4332200B8621C /* PRFilterController.swift */ = {isa = PBXFileReference; fileEncoding = 4; lastKnownFileType = sourcecode.swift; name = PRFilterController.swift; path = Source/PRFilterController.swift; sourceTree = "<group>"; };
		18C494871A95A55000095A7E /* PRHeaderCoordinator.swift */ = {isa = PBXFileReference; fileEncoding = 4; lastKnownFileType = sourcecode.swift; name = PRHeaderCoordinator.swift; path = Source/PRHeaderCoordinator.swift; sourceTree = "<group>"; };
		18C4948B1A95B78900095A7E /* PRKanjiPageViewController.swift */ = {isa = PBXFileReference; fileEncoding = 4; lastKnownFileType = sourcecode.swift; name = PRKanjiPageViewController.swift; path = Source/PRKanjiPageViewController.swift; sourceTree = "<group>"; };
		18C4948D1A95B7AB00095A7E /* PRKanjiTableViewController.swift */ = {isa = PBXFileReference; fileEncoding = 4; lastKnownFileType = sourcecode.swift; name = PRKanjiTableViewController.swift; path = Source/PRKanjiTableViewController.swift; sourceTree = "<group>"; };
		18C5DA241A92FEF2007FF4A3 /* Question.swift */ = {isa = PBXFileReference; fileEncoding = 4; lastKnownFileType = sourcecode.swift; name = Question.swift; path = Source/Question.swift; sourceTree = "<group>"; };
		18C5DA261A9314EC007FF4A3 /* testPairing.plist */ = {isa = PBXFileReference; fileEncoding = 4; lastKnownFileType = text.plist.xml; name = testPairing.plist; path = Source/testPairing.plist; sourceTree = "<group>"; };
		18C64F1B1A917AC5000F5641 /* PRFuriganaLabel.swift */ = {isa = PBXFileReference; fileEncoding = 4; lastKnownFileType = sourcecode.swift; name = PRFuriganaLabel.swift; path = Source/PRFuriganaLabel.swift; sourceTree = "<group>"; };
		18C64F251A9203C1000F5641 /* PRTestViewController.swift */ = {isa = PBXFileReference; fileEncoding = 4; lastKnownFileType = sourcecode.swift; name = PRTestViewController.swift; path = Source/PRTestViewController.swift; sourceTree = "<group>"; };
		18C64F271A920400000F5641 /* PRTestResultsViewController.swift */ = {isa = PBXFileReference; fileEncoding = 4; lastKnownFileType = sourcecode.swift; name = PRTestResultsViewController.swift; path = Source/PRTestResultsViewController.swift; sourceTree = "<group>"; };
		18C64F281A920400000F5641 /* PRTestViewController.xib */ = {isa = PBXFileReference; fileEncoding = 4; lastKnownFileType = file.xib; name = PRTestViewController.xib; path = Source/PRTestViewController.xib; sourceTree = "<group>"; };
		18C6AFF11A9463DC003C5208 /* PRColor.swift */ = {isa = PBXFileReference; fileEncoding = 4; lastKnownFileType = sourcecode.swift; name = PRColor.swift; path = Source/PRColor.swift; sourceTree = "<group>"; };
		18D0CB0F1A9C3C1B0027DD8F /* PRStringAttributes.swift */ = {isa = PBXFileReference; fileEncoding = 4; lastKnownFileType = sourcecode.swift; path = PRStringAttributes.swift; sourceTree = "<group>"; };
		18D0CB111A9C5E060027DD8F /* PRKanjiTableViewHeaderCell.xib */ = {isa = PBXFileReference; fileEncoding = 4; lastKnownFileType = file.xib; name = PRKanjiTableViewHeaderCell.xib; path = Source/PRKanjiTableViewHeaderCell.xib; sourceTree = "<group>"; };
		18D0CB131A9C63E80027DD8F /* PRKanjiTableViewHeaderCell.swift */ = {isa = PBXFileReference; fileEncoding = 4; lastKnownFileType = sourcecode.swift; name = PRKanjiTableViewHeaderCell.swift; path = Source/PRKanjiTableViewHeaderCell.swift; sourceTree = "<group>"; };
		18D1705D1A8997C700672203 /* PRFlashcardMenuViewController.swift */ = {isa = PBXFileReference; fileEncoding = 4; lastKnownFileType = sourcecode.swift; path = PRFlashcardMenuViewController.swift; sourceTree = "<group>"; };
		18D1705F1A8997D700672203 /* PRTestsMenuViewController.swift */ = {isa = PBXFileReference; fileEncoding = 4; lastKnownFileType = sourcecode.swift; path = PRTestsMenuViewController.swift; sourceTree = "<group>"; };
		18D170611A89A0B000672203 /* PRHeaderViewCell.xib */ = {isa = PBXFileReference; fileEncoding = 4; lastKnownFileType = file.xib; name = PRHeaderViewCell.xib; path = Source/PRHeaderViewCell.xib; sourceTree = "<group>"; };
		18D170631A89A49B00672203 /* PRHeaderViewCell.swift */ = {isa = PBXFileReference; fileEncoding = 4; lastKnownFileType = sourcecode.swift; name = PRHeaderViewCell.swift; path = Source/PRHeaderViewCell.swift; sourceTree = "<group>"; };
		18D170691A89BBE800672203 /* flashcardItems.plist */ = {isa = PBXFileReference; fileEncoding = 4; lastKnownFileType = text.plist.xml; path = flashcardItems.plist; sourceTree = "<group>"; };
		18D1706D1A89D77B00672203 /* PRStateSingleton.swift */ = {isa = PBXFileReference; fileEncoding = 4; lastKnownFileType = sourcecode.swift; name = PRStateSingleton.swift; path = Source/PRStateSingleton.swift; sourceTree = "<group>"; };
		18D170711A89F03100672203 /* PRFlashcardPageViewController.swift */ = {isa = PBXFileReference; fileEncoding = 4; lastKnownFileType = sourcecode.swift; name = PRFlashcardPageViewController.swift; path = Source/PRFlashcardPageViewController.swift; sourceTree = "<group>"; };
		18D170731A89F13100672203 /* PRFlashcardViewController.xib */ = {isa = PBXFileReference; fileEncoding = 4; lastKnownFileType = file.xib; name = PRFlashcardViewController.xib; path = Source/PRFlashcardViewController.xib; sourceTree = "<group>"; };
		18D170751A89F3E200672203 /* PRFlashcardViewController.swift */ = {isa = PBXFileReference; fileEncoding = 4; lastKnownFileType = sourcecode.swift; name = PRFlashcardViewController.swift; path = Source/PRFlashcardViewController.swift; sourceTree = "<group>"; };
		18D26D9A1A883ED800A8908C /* PRDatabaseHelper.swift */ = {isa = PBXFileReference; fileEncoding = 4; lastKnownFileType = sourcecode.swift; path = PRDatabaseHelper.swift; sourceTree = "<group>"; };
		18E4E6861A8D81B30038F86B /* Flashcard.swift */ = {isa = PBXFileReference; fileEncoding = 4; lastKnownFileType = sourcecode.swift; name = Flashcard.swift; path = Source/Flashcard.swift; sourceTree = "<group>"; };
		18E4E6881A8D8B330038F86B /* PRCharacterExtension.swift */ = {isa = PBXFileReference; fileEncoding = 4; lastKnownFileType = sourcecode.swift; name = PRCharacterExtension.swift; path = Source/PRCharacterExtension.swift; sourceTree = "<group>"; };
		48DDE60AB133AD9253EF4C92 /* libPods-kanjijigokuTests.a */ = {isa = PBXFileReference; explicitFileType = archive.ar; includeInIndex = 0; path = "libPods-kanjijigokuTests.a"; sourceTree = BUILT_PRODUCTS_DIR; };
		94CC88092ADA2AB93CF98660 /* Pods-kanjijigoku.debug.xcconfig */ = {isa = PBXFileReference; includeInIndex = 1; lastKnownFileType = text.xcconfig; name = "Pods-kanjijigoku.debug.xcconfig"; path = "Pods/Target Support Files/Pods-kanjijigoku/Pods-kanjijigoku.debug.xcconfig"; sourceTree = "<group>"; };
		A6263FED85E89D9DE53C6A64 /* Pods-kanjijigokuTests.release.xcconfig */ = {isa = PBXFileReference; includeInIndex = 1; lastKnownFileType = text.xcconfig; name = "Pods-kanjijigokuTests.release.xcconfig"; path = "Pods/Target Support Files/Pods-kanjijigokuTests/Pods-kanjijigokuTests.release.xcconfig"; sourceTree = "<group>"; };
		A827BE30AC2E4D1D915162FD /* Pods-kanjijigoku.release.xcconfig */ = {isa = PBXFileReference; includeInIndex = 1; lastKnownFileType = text.xcconfig; name = "Pods-kanjijigoku.release.xcconfig"; path = "Pods/Target Support Files/Pods-kanjijigoku/Pods-kanjijigoku.release.xcconfig"; sourceTree = "<group>"; };
		EC920A004B844BFB66E7F71F /* Pods-kanjijigokuTests.debug.xcconfig */ = {isa = PBXFileReference; includeInIndex = 1; lastKnownFileType = text.xcconfig; name = "Pods-kanjijigokuTests.debug.xcconfig"; path = "Pods/Target Support Files/Pods-kanjijigokuTests/Pods-kanjijigokuTests.debug.xcconfig"; sourceTree = "<group>"; };
		FB67D6DD1A861B8A00926E38 /* kanjijigoku.app */ = {isa = PBXFileReference; explicitFileType = wrapper.application; includeInIndex = 0; path = kanjijigoku.app; sourceTree = BUILT_PRODUCTS_DIR; };
		FB67D6E11A861B8A00926E38 /* Info.plist */ = {isa = PBXFileReference; lastKnownFileType = text.plist.xml; path = Info.plist; sourceTree = "<group>"; };
		FB67D6E21A861B8A00926E38 /* AppDelegate.swift */ = {isa = PBXFileReference; lastKnownFileType = sourcecode.swift; path = AppDelegate.swift; sourceTree = "<group>"; };
		FB67D6E51A861B8A00926E38 /* kanjijigoku.xcdatamodel */ = {isa = PBXFileReference; lastKnownFileType = wrapper.xcdatamodel; path = kanjijigoku.xcdatamodel; sourceTree = "<group>"; };
		FB67D6E71A861B8A00926E38 /* PRKanjiMenuViewController.swift */ = {isa = PBXFileReference; lastKnownFileType = sourcecode.swift; path = PRKanjiMenuViewController.swift; sourceTree = "<group>"; };
		FB67D6EC1A861B8A00926E38 /* Images.xcassets */ = {isa = PBXFileReference; lastKnownFileType = folder.assetcatalog; path = Images.xcassets; sourceTree = "<group>"; };
		FB67D6EF1A861B8A00926E38 /* Base */ = {isa = PBXFileReference; lastKnownFileType = file.xib; name = Base; path = Base.lproj/LaunchScreen.xib; sourceTree = "<group>"; };
		FB67D6F51A861B8B00926E38 /* kanjijigokuTests.xctest */ = {isa = PBXFileReference; explicitFileType = wrapper.cfbundle; includeInIndex = 0; path = kanjijigokuTests.xctest; sourceTree = BUILT_PRODUCTS_DIR; };
		FB67D6FA1A861B8B00926E38 /* Info.plist */ = {isa = PBXFileReference; lastKnownFileType = text.plist.xml; name = Info.plist; path = kanjijigokuTests/Info.plist; sourceTree = SOURCE_ROOT; };
		FB67D6FB1A861B8B00926E38 /* kanjijigokuTests.swift */ = {isa = PBXFileReference; lastKnownFileType = sourcecode.swift; path = kanjijigokuTests.swift; sourceTree = "<group>"; };
		FB67D7071A8622F400926E38 /* kanjijigoku-Bridging-Header.h */ = {isa = PBXFileReference; lastKnownFileType = sourcecode.c.h; path = "kanjijigoku-Bridging-Header.h"; sourceTree = "<group>"; };
		FB67D7081A86232E00926E38 /* libsqlite3.dylib */ = {isa = PBXFileReference; lastKnownFileType = "compiled.mach-o.dylib"; name = libsqlite3.dylib; path = usr/lib/libsqlite3.dylib; sourceTree = SDKROOT; };
/* End PBXFileReference section */

/* Begin PBXFrameworksBuildPhase section */
		FB67D6DA1A861B8A00926E38 /* Frameworks */ = {
			isa = PBXFrameworksBuildPhase;
			buildActionMask = 2147483647;
			files = (
				FB67D7091A86232E00926E38 /* libsqlite3.dylib in Frameworks */,
				9890196ACBA1DBB36C220747 /* libPods-kanjijigoku.a in Frameworks */,
			);
			runOnlyForDeploymentPostprocessing = 0;
		};
		FB67D6F21A861B8B00926E38 /* Frameworks */ = {
			isa = PBXFrameworksBuildPhase;
			buildActionMask = 2147483647;
			files = (
				DDA8FCCE07D8A23426327FF9 /* libPods-kanjijigokuTests.a in Frameworks */,
			);
			runOnlyForDeploymentPostprocessing = 0;
		};
/* End PBXFrameworksBuildPhase section */

/* Begin PBXGroup section */
		162AC272485DC3223C6F11A8 /* Pods */ = {
			isa = PBXGroup;
			children = (
				94CC88092ADA2AB93CF98660 /* Pods-kanjijigoku.debug.xcconfig */,
				A827BE30AC2E4D1D915162FD /* Pods-kanjijigoku.release.xcconfig */,
				EC920A004B844BFB66E7F71F /* Pods-kanjijigokuTests.debug.xcconfig */,
				A6263FED85E89D9DE53C6A64 /* Pods-kanjijigokuTests.release.xcconfig */,
			);
			name = Pods;
			sourceTree = "<group>";
		};
		180ABC9D1A9D99530053A7F6 /* Search */ = {
			isa = PBXGroup;
			children = (
				18648AA51A9DB5EF00B5472D /* PRSearchKanjiViewController.swift */,
				18648AA61A9DB5EF00B5472D /* PRSearchKanjiViewController.xib */,
			);
			name = Search;
			sourceTree = "<group>";
		};
		18C494891A95AE8100095A7E /* General */ = {
			isa = PBXGroup;
			children = (
				189369411A9D4DFD001DEFC4 /* PRSettingsViewController.swift */,
				18C494871A95A55000095A7E /* PRHeaderCoordinator.swift */,
				18C27A091AA4332200B8621C /* PRFilterController.swift */,
			);
			name = General;
			sourceTree = "<group>";
		};
		18C4948A1A95AE8B00095A7E /* Kanji */ = {
			isa = PBXGroup;
			children = (
				FB67D6E71A861B8A00926E38 /* PRKanjiMenuViewController.swift */,
				18C4948B1A95B78900095A7E /* PRKanjiPageViewController.swift */,
				18C4948D1A95B7AB00095A7E /* PRKanjiTableViewController.swift */,
				18D0CB111A9C5E060027DD8F /* PRKanjiTableViewHeaderCell.xib */,
				18D0CB131A9C63E80027DD8F /* PRKanjiTableViewHeaderCell.swift */,
			);
			name = Kanji;
			sourceTree = "<group>";
		};
		18C64F221A92034E000F5641 /* Test */ = {
			isa = PBXGroup;
			children = (
				18D1705F1A8997D700672203 /* PRTestsMenuViewController.swift */,
				18C64F251A9203C1000F5641 /* PRTestViewController.swift */,
				18C64F271A920400000F5641 /* PRTestResultsViewController.swift */,
				18C64F281A920400000F5641 /* PRTestViewController.xib */,
			);
			name = Test;
			sourceTree = "<group>";
		};
		18E4E68C1A8D925C0038F86B /* Flashcard */ = {
			isa = PBXGroup;
			children = (
				18D170711A89F03100672203 /* PRFlashcardPageViewController.swift */,
				18D1705D1A8997C700672203 /* PRFlashcardMenuViewController.swift */,
				18D170731A89F13100672203 /* PRFlashcardViewController.xib */,
				18D170751A89F3E200672203 /* PRFlashcardViewController.swift */,
			);
			name = Flashcard;
			sourceTree = "<group>";
		};
		D8DE428794ABFD26C4A868BF /* Frameworks */ = {
			isa = PBXGroup;
			children = (
				16ED305BDA73EF495F1CC7A3 /* libPods-kanjijigoku.a */,
				48DDE60AB133AD9253EF4C92 /* libPods-kanjijigokuTests.a */,
			);
			name = Frameworks;
			sourceTree = "<group>";
		};
		FB67D6D41A861B8A00926E38 = {
			isa = PBXGroup;
			children = (
				FB67D7081A86232E00926E38 /* libsqlite3.dylib */,
				FB67D6DF1A861B8A00926E38 /* kanjijigoku */,
				FB67D6F81A861B8B00926E38 /* kanjijigokuTests */,
				FB67D6DE1A861B8A00926E38 /* Products */,
				162AC272485DC3223C6F11A8 /* Pods */,
				D8DE428794ABFD26C4A868BF /* Frameworks */,
			);
			sourceTree = "<group>";
		};
		FB67D6DE1A861B8A00926E38 /* Products */ = {
			isa = PBXGroup;
			children = (
				FB67D6DD1A861B8A00926E38 /* kanjijigoku.app */,
				FB67D6F51A861B8B00926E38 /* kanjijigokuTests.xctest */,
			);
			name = Products;
			sourceTree = "<group>";
		};
		FB67D6DF1A861B8A00926E38 /* kanjijigoku */ = {
			isa = PBXGroup;
			children = (
				FBB1FF781A87252700F323D0 /* Helper */,
				FBB1FF771A87250700F323D0 /* View */,
				FBB1FF761A8724FC00F323D0 /* Controller */,
				FBB1FF751A8724DD00F323D0 /* Model */,
				FB67D6E01A861B8A00926E38 /* Supporting Files */,
			);
			path = kanjijigoku;
			sourceTree = "<group>";
		};
		FB67D6E01A861B8A00926E38 /* Supporting Files */ = {
			isa = PBXGroup;
			children = (
				FB67D6EC1A861B8A00926E38 /* Images.xcassets */,
				1871527C1AE5EAB0008AD647 /* FontAwesome.otf */,
				FB67D6E21A861B8A00926E38 /* AppDelegate.swift */,
				FB67D6E11A861B8A00926E38 /* Info.plist */,
				18D170691A89BBE800672203 /* flashcardItems.plist */,
				FB67D6FA1A861B8B00926E38 /* Info.plist */,
				18C5DA261A9314EC007FF4A3 /* testPairing.plist */,
			);
			name = "Supporting Files";
			sourceTree = "<group>";
		};
		FB67D6F81A861B8B00926E38 /* kanjijigokuTests */ = {
			isa = PBXGroup;
			children = (
				FB67D6FB1A861B8B00926E38 /* kanjijigokuTests.swift */,
			);
			path = kanjijigokuTests;
			sourceTree = "<group>";
		};
		FBB1FF751A8724DD00F323D0 /* Model */ = {
			isa = PBXGroup;
			children = (
				FB67D6E41A861B8A00926E38 /* kanjijigoku.xcdatamodeld */,
				18C23D4B1A8C734D00AB5817 /* Radical.swift */,
				18C23D491A8C734D00AB5817 /* Onyomi.swift */,
				18C23D471A8C734D00AB5817 /* Reading.swift */,
				18C23D451A8C734D00AB5817 /* Character.swift */,
				18C23D431A8C734D00AB5817 /* Example.swift */,
				18C23D411A8C734D00AB5817 /* Sentence.swift */,
				18C23D3F1A8C734D00AB5817 /* Testable.swift */,
				18C23D3D1A8C734C00AB5817 /* Kunyomi.swift */,
				18E4E6861A8D81B30038F86B /* Flashcard.swift */,
				18C5DA241A92FEF2007FF4A3 /* Question.swift */,
			);
			name = Model;
			sourceTree = "<group>";
		};
		FBB1FF761A8724FC00F323D0 /* Controller */ = {
			isa = PBXGroup;
			children = (
				180ABC9D1A9D99530053A7F6 /* Search */,
				18C4948A1A95AE8B00095A7E /* Kanji */,
				18C494891A95AE8100095A7E /* General */,
				18C64F221A92034E000F5641 /* Test */,
				18E4E68C1A8D925C0038F86B /* Flashcard */,
			);
			name = Controller;
			sourceTree = "<group>";
		};
		FBB1FF771A87250700F323D0 /* View */ = {
			isa = PBXGroup;
			children = (
				1812D5441AA9A771004C91D0 /* PRFilterCell.swift */,
				180ABC971A9D5CFB0053A7F6 /* PRFilterCell.xib */,
				FB67D6EE1A861B8A00926E38 /* LaunchScreen.xib */,
				18D170611A89A0B000672203 /* PRHeaderViewCell.xib */,
				18D170631A89A49B00672203 /* PRHeaderViewCell.swift */,
				1860524D1A9AF44C0046247B /* PRKanjiPageControl.swift */,
				188C73671A9EE6E600D1634C /* PRRelatedKanjiCell.swift */,
				188C73681A9EE6E600D1634C /* PRRelatedKanjiCell.xib */,
				1812D5421AA9A35E004C91D0 /* PRNoCursorTextField.swift */,
				1848284C1B4CF964001AB41F /* PRDetailedKanjiCell.swift */,
			);
			name = View;
			sourceTree = "<group>";
		};
		FBB1FF781A87252700F323D0 /* Helper */ = {
			isa = PBXGroup;
			children = (
				FB67D7071A8622F400926E38 /* kanjijigoku-Bridging-Header.h */,
				18C64F1B1A917AC5000F5641 /* PRFuriganaLabel.swift */,
				18D26D9A1A883ED800A8908C /* PRDatabaseHelper.swift */,
				18D1706D1A89D77B00672203 /* PRStateSingleton.swift */,
				18E4E6881A8D8B330038F86B /* PRCharacterExtension.swift */,
				18C6AFF11A9463DC003C5208 /* PRColor.swift */,
				18D0CB0F1A9C3C1B0027DD8F /* PRStringAttributes.swift */,
				1899D5871A9F0F1E006B63B0 /* PRMenuViewExtension.swift */,
				1871527A1AE5EA8A008AD647 /* FontAwesome.swift */,
				1871527E1AE5F67B008AD647 /* PRImageGenerator.swift */,
				184828491B4CDFC1001AB41F /* PRStringExtension.swift */,
			);
			name = Helper;
			sourceTree = "<group>";
		};
/* End PBXGroup section */

/* Begin PBXNativeTarget section */
		FB67D6DC1A861B8A00926E38 /* kanjijigoku */ = {
			isa = PBXNativeTarget;
			buildConfigurationList = FB67D6FF1A861B8B00926E38 /* Build configuration list for PBXNativeTarget "kanjijigoku" */;
			buildPhases = (
				5501EB801D7BABB0F5853EFC /* Check Pods Manifest.lock */,
				FB67D6D91A861B8A00926E38 /* Sources */,
				FB67D6DA1A861B8A00926E38 /* Frameworks */,
				FB67D6DB1A861B8A00926E38 /* Resources */,
				F14E4A72249583AA8617D028 /* Copy Pods Resources */,
			);
			buildRules = (
			);
			dependencies = (
			);
			name = kanjijigoku;
			productName = kanjijigoku;
			productReference = FB67D6DD1A861B8A00926E38 /* kanjijigoku.app */;
			productType = "com.apple.product-type.application";
		};
		FB67D6F41A861B8B00926E38 /* kanjijigokuTests */ = {
			isa = PBXNativeTarget;
			buildConfigurationList = FB67D7021A861B8B00926E38 /* Build configuration list for PBXNativeTarget "kanjijigokuTests" */;
			buildPhases = (
				6F66786C80708ED017B50603 /* Check Pods Manifest.lock */,
				FB67D6F11A861B8B00926E38 /* Sources */,
				FB67D6F21A861B8B00926E38 /* Frameworks */,
				FB67D6F31A861B8B00926E38 /* Resources */,
				0F99C4B71E760CC0F37A36BF /* Copy Pods Resources */,
			);
			buildRules = (
			);
			dependencies = (
				FB67D6F71A861B8B00926E38 /* PBXTargetDependency */,
			);
			name = kanjijigokuTests;
			productName = kanjijigokuTests;
			productReference = FB67D6F51A861B8B00926E38 /* kanjijigokuTests.xctest */;
			productType = "com.apple.product-type.bundle.unit-test";
		};
/* End PBXNativeTarget section */

/* Begin PBXProject section */
		FB67D6D51A861B8A00926E38 /* Project object */ = {
			isa = PBXProject;
			attributes = {
				LastUpgradeCheck = 0610;
				ORGANIZATIONNAME = "Pawel Rusin";
				TargetAttributes = {
					FB67D6DC1A861B8A00926E38 = {
						CreatedOnToolsVersion = 6.1;
						DevelopmentTeam = 57NUJ8NN7U;
					};
					FB67D6F41A861B8B00926E38 = {
						CreatedOnToolsVersion = 6.1;
						TestTargetID = FB67D6DC1A861B8A00926E38;
					};
				};
			};
			buildConfigurationList = FB67D6D81A861B8A00926E38 /* Build configuration list for PBXProject "kanjijigoku" */;
			compatibilityVersion = "Xcode 3.2";
			developmentRegion = English;
			hasScannedForEncodings = 0;
			knownRegions = (
				en,
				Base,
			);
			mainGroup = FB67D6D41A861B8A00926E38;
			productRefGroup = FB67D6DE1A861B8A00926E38 /* Products */;
			projectDirPath = "";
			projectRoot = "";
			targets = (
				FB67D6DC1A861B8A00926E38 /* kanjijigoku */,
				FB67D6F41A861B8B00926E38 /* kanjijigokuTests */,
			);
		};
/* End PBXProject section */

/* Begin PBXResourcesBuildPhase section */
		FB67D6DB1A861B8A00926E38 /* Resources */ = {
			isa = PBXResourcesBuildPhase;
			buildActionMask = 2147483647;
			files = (
				1871527D1AE5ED24008AD647 /* FontAwesome.otf in Resources */,
				18D1706A1A89BBE800672203 /* flashcardItems.plist in Resources */,
				FB67D6F01A861B8A00926E38 /* LaunchScreen.xib in Resources */,
				180ABC981A9D5CFB0053A7F6 /* PRFilterCell.xib in Resources */,
				18D0CB121A9C5E060027DD8F /* PRKanjiTableViewHeaderCell.xib in Resources */,
				18648AA81A9DB5EF00B5472D /* PRSearchKanjiViewController.xib in Resources */,
				FB67D6ED1A861B8A00926E38 /* Images.xcassets in Resources */,
				18C64F2A1A920400000F5641 /* PRTestViewController.xib in Resources */,
				18C5DA271A9314EC007FF4A3 /* testPairing.plist in Resources */,
				188C736A1A9EE6E600D1634C /* PRRelatedKanjiCell.xib in Resources */,
				18D170621A89A0B000672203 /* PRHeaderViewCell.xib in Resources */,
				18D170741A89F13100672203 /* PRFlashcardViewController.xib in Resources */,
			);
			runOnlyForDeploymentPostprocessing = 0;
		};
		FB67D6F31A861B8B00926E38 /* Resources */ = {
			isa = PBXResourcesBuildPhase;
			buildActionMask = 2147483647;
			files = (
			);
			runOnlyForDeploymentPostprocessing = 0;
		};
/* End PBXResourcesBuildPhase section */

/* Begin PBXShellScriptBuildPhase section */
		0F99C4B71E760CC0F37A36BF /* Copy Pods Resources */ = {
			isa = PBXShellScriptBuildPhase;
			buildActionMask = 2147483647;
			files = (
			);
			inputPaths = (
			);
			name = "Copy Pods Resources";
			outputPaths = (
			);
			runOnlyForDeploymentPostprocessing = 0;
			shellPath = /bin/sh;
			shellScript = "\"${SRCROOT}/Pods/Target Support Files/Pods-kanjijigokuTests/Pods-kanjijigokuTests-resources.sh\"\n";
			showEnvVarsInLog = 0;
		};
		5501EB801D7BABB0F5853EFC /* Check Pods Manifest.lock */ = {
			isa = PBXShellScriptBuildPhase;
			buildActionMask = 2147483647;
			files = (
			);
			inputPaths = (
			);
			name = "Check Pods Manifest.lock";
			outputPaths = (
			);
			runOnlyForDeploymentPostprocessing = 0;
			shellPath = /bin/sh;
			shellScript = "diff \"${PODS_ROOT}/../Podfile.lock\" \"${PODS_ROOT}/Manifest.lock\" > /dev/null\nif [[ $? != 0 ]] ; then\n    cat << EOM\nerror: The sandbox is not in sync with the Podfile.lock. Run 'pod install' or update your CocoaPods installation.\nEOM\n    exit 1\nfi\n";
			showEnvVarsInLog = 0;
		};
		6F66786C80708ED017B50603 /* Check Pods Manifest.lock */ = {
			isa = PBXShellScriptBuildPhase;
			buildActionMask = 2147483647;
			files = (
			);
			inputPaths = (
			);
			name = "Check Pods Manifest.lock";
			outputPaths = (
			);
			runOnlyForDeploymentPostprocessing = 0;
			shellPath = /bin/sh;
			shellScript = "diff \"${PODS_ROOT}/../Podfile.lock\" \"${PODS_ROOT}/Manifest.lock\" > /dev/null\nif [[ $? != 0 ]] ; then\n    cat << EOM\nerror: The sandbox is not in sync with the Podfile.lock. Run 'pod install' or update your CocoaPods installation.\nEOM\n    exit 1\nfi\n";
			showEnvVarsInLog = 0;
		};
		F14E4A72249583AA8617D028 /* Copy Pods Resources */ = {
			isa = PBXShellScriptBuildPhase;
			buildActionMask = 2147483647;
			files = (
			);
			inputPaths = (
			);
			name = "Copy Pods Resources";
			outputPaths = (
			);
			runOnlyForDeploymentPostprocessing = 0;
			shellPath = /bin/sh;
			shellScript = "\"${SRCROOT}/Pods/Target Support Files/Pods-kanjijigoku/Pods-kanjijigoku-resources.sh\"\n";
			showEnvVarsInLog = 0;
		};
/* End PBXShellScriptBuildPhase section */

/* Begin PBXSourcesBuildPhase section */
		FB67D6D91A861B8A00926E38 /* Sources */ = {
			isa = PBXSourcesBuildPhase;
			buildActionMask = 2147483647;
			files = (
				1848284A1B4CDFC1001AB41F /* PRStringExtension.swift in Sources */,
				18D170721A89F03100672203 /* PRFlashcardPageViewController.swift in Sources */,
				18C64F291A920400000F5641 /* PRTestResultsViewController.swift in Sources */,
				18D0CB101A9C3C1B0027DD8F /* PRStringAttributes.swift in Sources */,
				18C23D4C1A8C734D00AB5817 /* Radical.swift in Sources */,
				18C64F261A9203C1000F5641 /* PRTestViewController.swift in Sources */,
				18E4E6891A8D8B330038F86B /* PRCharacterExtension.swift in Sources */,
				1848284D1B4CF964001AB41F /* PRDetailedKanjiCell.swift in Sources */,
				18C6AFF21A9463DC003C5208 /* PRColor.swift in Sources */,
				18D0CB141A9C63E80027DD8F /* PRKanjiTableViewHeaderCell.swift in Sources */,
				18C4948E1A95B7AB00095A7E /* PRKanjiTableViewController.swift in Sources */,
				18D26D9B1A883ED800A8908C /* PRDatabaseHelper.swift in Sources */,
				FB67D6E81A861B8A00926E38 /* PRKanjiMenuViewController.swift in Sources */,
				18D170761A89F3E200672203 /* PRFlashcardViewController.swift in Sources */,
				18E4E6871A8D81B30038F86B /* Flashcard.swift in Sources */,
				18C23D3E1A8C734C00AB5817 /* Kunyomi.swift in Sources */,
				18C494881A95A55000095A7E /* PRHeaderCoordinator.swift in Sources */,
				18C23D401A8C734D00AB5817 /* Testable.swift in Sources */,
				18C64F1C1A917AC5000F5641 /* PRFuriganaLabel.swift in Sources */,
				188C73691A9EE6E600D1634C /* PRRelatedKanjiCell.swift in Sources */,
				18D170601A8997D700672203 /* PRTestsMenuViewController.swift in Sources */,
				1899D5881A9F0F1E006B63B0 /* PRMenuViewExtension.swift in Sources */,
				18C23D461A8C734D00AB5817 /* Character.swift in Sources */,
				18D1705E1A8997C700672203 /* PRFlashcardMenuViewController.swift in Sources */,
				18D1706E1A89D77B00672203 /* PRStateSingleton.swift in Sources */,
				18C23D481A8C734D00AB5817 /* Reading.swift in Sources */,
				FB67D6E61A861B8A00926E38 /* kanjijigoku.xcdatamodeld in Sources */,
				1871527B1AE5EA8A008AD647 /* FontAwesome.swift in Sources */,
				18D170641A89A49B00672203 /* PRHeaderViewCell.swift in Sources */,
				189369431A9D4DFD001DEFC4 /* PRSettingsViewController.swift in Sources */,
				18C27A0A1AA4332200B8621C /* PRFilterController.swift in Sources */,
				18C5DA251A92FEF2007FF4A3 /* Question.swift in Sources */,
				1860524E1A9AF44C0046247B /* PRKanjiPageControl.swift in Sources */,
				18648AA71A9DB5EF00B5472D /* PRSearchKanjiViewController.swift in Sources */,
				18C23D421A8C734D00AB5817 /* Sentence.swift in Sources */,
				1812D5431AA9A35E004C91D0 /* PRNoCursorTextField.swift in Sources */,
				1812D5451AA9A771004C91D0 /* PRFilterCell.swift in Sources */,
				FB67D6E31A861B8A00926E38 /* AppDelegate.swift in Sources */,
				18C4948C1A95B78900095A7E /* PRKanjiPageViewController.swift in Sources */,
				1871527F1AE5F67B008AD647 /* PRImageGenerator.swift in Sources */,
				18C23D4A1A8C734D00AB5817 /* Onyomi.swift in Sources */,
				18C23D441A8C734D00AB5817 /* Example.swift in Sources */,
			);
			runOnlyForDeploymentPostprocessing = 0;
		};
		FB67D6F11A861B8B00926E38 /* Sources */ = {
			isa = PBXSourcesBuildPhase;
			buildActionMask = 2147483647;
			files = (
				1848284B1B4CE8E9001AB41F /* PRStringExtension.swift in Sources */,
				FB67D6FC1A861B8B00926E38 /* kanjijigokuTests.swift in Sources */,
			);
			runOnlyForDeploymentPostprocessing = 0;
		};
/* End PBXSourcesBuildPhase section */

/* Begin PBXTargetDependency section */
		FB67D6F71A861B8B00926E38 /* PBXTargetDependency */ = {
			isa = PBXTargetDependency;
			target = FB67D6DC1A861B8A00926E38 /* kanjijigoku */;
			targetProxy = FB67D6F61A861B8B00926E38 /* PBXContainerItemProxy */;
		};
/* End PBXTargetDependency section */

/* Begin PBXVariantGroup section */
		FB67D6EE1A861B8A00926E38 /* LaunchScreen.xib */ = {
			isa = PBXVariantGroup;
			children = (
				FB67D6EF1A861B8A00926E38 /* Base */,
			);
			name = LaunchScreen.xib;
			sourceTree = "<group>";
		};
/* End PBXVariantGroup section */

/* Begin XCBuildConfiguration section */
		FB67D6FD1A861B8B00926E38 /* Debug */ = {
			isa = XCBuildConfiguration;
			buildSettings = {
				ALWAYS_SEARCH_USER_PATHS = NO;
				CLANG_CXX_LANGUAGE_STANDARD = "gnu++0x";
				CLANG_CXX_LIBRARY = "libc++";
				CLANG_ENABLE_MODULES = YES;
				CLANG_ENABLE_OBJC_ARC = YES;
				CLANG_WARN_BOOL_CONVERSION = YES;
				CLANG_WARN_CONSTANT_CONVERSION = YES;
				CLANG_WARN_DIRECT_OBJC_ISA_USAGE = YES_ERROR;
				CLANG_WARN_EMPTY_BODY = YES;
				CLANG_WARN_ENUM_CONVERSION = YES;
				CLANG_WARN_INT_CONVERSION = YES;
				CLANG_WARN_OBJC_ROOT_CLASS = YES_ERROR;
				CLANG_WARN_UNREACHABLE_CODE = YES;
				CLANG_WARN__DUPLICATE_METHOD_MATCH = YES;
				"CODE_SIGN_IDENTITY[sdk=iphoneos*]" = "iPhone Developer";
				COPY_PHASE_STRIP = NO;
				ENABLE_STRICT_OBJC_MSGSEND = YES;
				GCC_C_LANGUAGE_STANDARD = gnu99;
				GCC_DYNAMIC_NO_PIC = NO;
				GCC_OPTIMIZATION_LEVEL = 0;
				GCC_PREPROCESSOR_DEFINITIONS = (
					"DEBUG=1",
					"$(inherited)",
				);
				GCC_SYMBOLS_PRIVATE_EXTERN = NO;
				GCC_WARN_64_TO_32_BIT_CONVERSION = YES;
				GCC_WARN_ABOUT_RETURN_TYPE = YES_ERROR;
				GCC_WARN_UNDECLARED_SELECTOR = YES;
				GCC_WARN_UNINITIALIZED_AUTOS = YES_AGGRESSIVE;
				GCC_WARN_UNUSED_FUNCTION = YES;
				GCC_WARN_UNUSED_VARIABLE = YES;
				IPHONEOS_DEPLOYMENT_TARGET = 8.1;
				MTL_ENABLE_DEBUG_INFO = YES;
				ONLY_ACTIVE_ARCH = YES;
				SDKROOT = iphoneos;
				SWIFT_OPTIMIZATION_LEVEL = "-Onone";
				TARGETED_DEVICE_FAMILY = "1,2";
			};
			name = Debug;
		};
		FB67D6FE1A861B8B00926E38 /* Release */ = {
			isa = XCBuildConfiguration;
			buildSettings = {
				ALWAYS_SEARCH_USER_PATHS = NO;
				CLANG_CXX_LANGUAGE_STANDARD = "gnu++0x";
				CLANG_CXX_LIBRARY = "libc++";
				CLANG_ENABLE_MODULES = YES;
				CLANG_ENABLE_OBJC_ARC = YES;
				CLANG_WARN_BOOL_CONVERSION = YES;
				CLANG_WARN_CONSTANT_CONVERSION = YES;
				CLANG_WARN_DIRECT_OBJC_ISA_USAGE = YES_ERROR;
				CLANG_WARN_EMPTY_BODY = YES;
				CLANG_WARN_ENUM_CONVERSION = YES;
				CLANG_WARN_INT_CONVERSION = YES;
				CLANG_WARN_OBJC_ROOT_CLASS = YES_ERROR;
				CLANG_WARN_UNREACHABLE_CODE = YES;
				CLANG_WARN__DUPLICATE_METHOD_MATCH = YES;
				"CODE_SIGN_IDENTITY[sdk=iphoneos*]" = "iPhone Developer";
				COPY_PHASE_STRIP = YES;
				ENABLE_NS_ASSERTIONS = NO;
				ENABLE_STRICT_OBJC_MSGSEND = YES;
				GCC_C_LANGUAGE_STANDARD = gnu99;
				GCC_WARN_64_TO_32_BIT_CONVERSION = YES;
				GCC_WARN_ABOUT_RETURN_TYPE = YES_ERROR;
				GCC_WARN_UNDECLARED_SELECTOR = YES;
				GCC_WARN_UNINITIALIZED_AUTOS = YES_AGGRESSIVE;
				GCC_WARN_UNUSED_FUNCTION = YES;
				GCC_WARN_UNUSED_VARIABLE = YES;
				IPHONEOS_DEPLOYMENT_TARGET = 8.1;
				MTL_ENABLE_DEBUG_INFO = NO;
				SDKROOT = iphoneos;
				TARGETED_DEVICE_FAMILY = "1,2";
				VALIDATE_PRODUCT = YES;
			};
			name = Release;
		};
		FB67D7001A861B8B00926E38 /* Debug */ = {
			isa = XCBuildConfiguration;
			baseConfigurationReference = 94CC88092ADA2AB93CF98660 /* Pods-kanjijigoku.debug.xcconfig */;
			buildSettings = {
				ASSETCATALOG_COMPILER_APPICON_NAME = AppIcon;
				CODE_SIGN_IDENTITY = "iPhone Developer";
				"CODE_SIGN_IDENTITY[sdk=iphoneos*]" = "iPhone Developer: Pawel Rusin (CMRU8R2N3V)";
				INFOPLIST_FILE = kanjijigoku/Info.plist;
				LD_RUNPATH_SEARCH_PATHS = "$(inherited) @executable_path/Frameworks";
				PRODUCT_NAME = "$(TARGET_NAME)";
				PROVISIONING_PROFILE = "a98c61c1-6bfa-446e-9d13-7e7083597e9b";
				SWIFT_OBJC_BRIDGING_HEADER = "kanjijigoku/kanjijigoku-Bridging-Header.h";
			};
			name = Debug;
		};
		FB67D7011A861B8B00926E38 /* Release */ = {
			isa = XCBuildConfiguration;
			baseConfigurationReference = A827BE30AC2E4D1D915162FD /* Pods-kanjijigoku.release.xcconfig */;
			buildSettings = {
				ASSETCATALOG_COMPILER_APPICON_NAME = AppIcon;
				CODE_SIGN_IDENTITY = "iPhone Developer";
				"CODE_SIGN_IDENTITY[sdk=iphoneos*]" = "iPhone Developer: Pawel Rusin (CMRU8R2N3V)";
				INFOPLIST_FILE = kanjijigoku/Info.plist;
				LD_RUNPATH_SEARCH_PATHS = "$(inherited) @executable_path/Frameworks";
				PRODUCT_NAME = "$(TARGET_NAME)";
				PROVISIONING_PROFILE = "a98c61c1-6bfa-446e-9d13-7e7083597e9b";
				SWIFT_OBJC_BRIDGING_HEADER = "kanjijigoku/kanjijigoku-Bridging-Header.h";
			};
			name = Release;
		};
		FB67D7031A861B8B00926E38 /* Debug */ = {
			isa = XCBuildConfiguration;
			baseConfigurationReference = EC920A004B844BFB66E7F71F /* Pods-kanjijigokuTests.debug.xcconfig */;
			buildSettings = {
				BUNDLE_LOADER = "$(TEST_HOST)";
				FRAMEWORK_SEARCH_PATHS = (
					"$(SDKROOT)/Developer/Library/Frameworks",
					"$(inherited)",
				);
				GCC_PREPROCESSOR_DEFINITIONS = (
					"DEBUG=1",
					"$(inherited)",
				);
				INFOPLIST_FILE = kanjijigokuTests/Info.plist;
				LD_RUNPATH_SEARCH_PATHS = "$(inherited) @executable_path/Frameworks @loader_path/Frameworks";
				PRODUCT_NAME = "$(TARGET_NAME)";
				TEST_HOST = "$(BUILT_PRODUCTS_DIR)/kanjijigoku.app/kanjijigoku";
			};
			name = Debug;
		};
		FB67D7041A861B8B00926E38 /* Release */ = {
			isa = XCBuildConfiguration;
			baseConfigurationReference = A6263FED85E89D9DE53C6A64 /* Pods-kanjijigokuTests.release.xcconfig */;
			buildSettings = {
				BUNDLE_LOADER = "$(TEST_HOST)";
				FRAMEWORK_SEARCH_PATHS = (
					"$(SDKROOT)/Developer/Library/Frameworks",
					"$(inherited)",
				);
				INFOPLIST_FILE = kanjijigokuTests/Info.plist;
				LD_RUNPATH_SEARCH_PATHS = "$(inherited) @executable_path/Frameworks @loader_path/Frameworks";
				PRODUCT_NAME = "$(TARGET_NAME)";
				TEST_HOST = "$(BUILT_PRODUCTS_DIR)/kanjijigoku.app/kanjijigoku";
			};
			name = Release;
		};
/* End XCBuildConfiguration section */

/* Begin XCConfigurationList section */
		FB67D6D81A861B8A00926E38 /* Build configuration list for PBXProject "kanjijigoku" */ = {
			isa = XCConfigurationList;
			buildConfigurations = (
				FB67D6FD1A861B8B00926E38 /* Debug */,
				FB67D6FE1A861B8B00926E38 /* Release */,
			);
			defaultConfigurationIsVisible = 0;
			defaultConfigurationName = Release;
		};
		FB67D6FF1A861B8B00926E38 /* Build configuration list for PBXNativeTarget "kanjijigoku" */ = {
			isa = XCConfigurationList;
			buildConfigurations = (
				FB67D7001A861B8B00926E38 /* Debug */,
				FB67D7011A861B8B00926E38 /* Release */,
			);
			defaultConfigurationIsVisible = 0;
			defaultConfigurationName = Release;
		};
		FB67D7021A861B8B00926E38 /* Build configuration list for PBXNativeTarget "kanjijigokuTests" */ = {
			isa = XCConfigurationList;
			buildConfigurations = (
				FB67D7031A861B8B00926E38 /* Debug */,
				FB67D7041A861B8B00926E38 /* Release */,
			);
			defaultConfigurationIsVisible = 0;
			defaultConfigurationName = Release;
		};
/* End XCConfigurationList section */

/* Begin XCVersionGroup section */
		FB67D6E41A861B8A00926E38 /* kanjijigoku.xcdatamodeld */ = {
			isa = XCVersionGroup;
			children = (
				FB67D6E51A861B8A00926E38 /* kanjijigoku.xcdatamodel */,
			);
			currentVersion = FB67D6E51A861B8A00926E38 /* kanjijigoku.xcdatamodel */;
			path = kanjijigoku.xcdatamodeld;
			sourceTree = "<group>";
			versionGroupType = wrapper.xcdatamodel;
		};
/* End XCVersionGroup section */
	};
	rootObject = FB67D6D51A861B8A00926E38 /* Project object */;
}
