// !$*UTF8*$!
{
	archiveVersion = 1;
	classes = {
	};
	objectVersion = 46;
	objects = {

/* Begin PBXBuildFile section */
		004B9C94363C9B59E7DE6739 /* Pods_kanjijigoku.framework in Frameworks */ = {isa = PBXBuildFile; fileRef = BA08C36B76E7719B2D756F04 /* Pods_kanjijigoku.framework */; };
		0270EBEBC733827A8AC2C57B /* Pods_kanjijigokuTests.framework in Frameworks */ = {isa = PBXBuildFile; fileRef = 1B8BFBF8EE61039CCCBB44D5 /* Pods_kanjijigokuTests.framework */; };
		180ABC981A9D5CFB0053A7F6 /* PRFilterCell.xib in Resources */ = {isa = PBXBuildFile; fileRef = 180ABC971A9D5CFB0053A7F6 /* PRFilterCell.xib */; };
		1812D5431AA9A35E004C91D0 /* PRNoCursorTextField.swift in Sources */ = {isa = PBXBuildFile; fileRef = 1812D5421AA9A35E004C91D0 /* PRNoCursorTextField.swift */; };
		1812D5451AA9A771004C91D0 /* PRFilterCell.swift in Sources */ = {isa = PBXBuildFile; fileRef = 1812D5441AA9A771004C91D0 /* PRFilterCell.swift */; };
		1848284A1B4CDFC1001AB41F /* PRStringExtension.swift in Sources */ = {isa = PBXBuildFile; fileRef = 184828491B4CDFC1001AB41F /* PRStringExtension.swift */; };
		1848284D1B4CF964001AB41F /* PRDetailedKanjiCell.swift in Sources */ = {isa = PBXBuildFile; fileRef = 1848284C1B4CF964001AB41F /* PRDetailedKanjiCell.swift */; };
		1860524E1A9AF44C0046247B /* PRKanjiHeader.swift in Sources */ = {isa = PBXBuildFile; fileRef = 1860524D1A9AF44C0046247B /* PRKanjiHeader.swift */; };
		18648AA71A9DB5EF00B5472D /* PRSearchKanjiViewController.swift in Sources */ = {isa = PBXBuildFile; fileRef = 18648AA51A9DB5EF00B5472D /* PRSearchKanjiViewController.swift */; };
		18648AA81A9DB5EF00B5472D /* PRSearchKanjiViewController.xib in Resources */ = {isa = PBXBuildFile; fileRef = 18648AA61A9DB5EF00B5472D /* PRSearchKanjiViewController.xib */; };
		1871527F1AE5F67B008AD647 /* PRImageGenerator.swift in Sources */ = {isa = PBXBuildFile; fileRef = 1871527E1AE5F67B008AD647 /* PRImageGenerator.swift */; };
		188B81A41B60AB3D00B1543A /* PRRomajiKanaConverter.swift in Sources */ = {isa = PBXBuildFile; fileRef = 188B81A31B60AB3D00B1543A /* PRRomajiKanaConverter.swift */; };
		188B81A81B60B7BB00B1543A /* PRRomajiKanaConverterTest.swift in Sources */ = {isa = PBXBuildFile; fileRef = 188B81A71B60B7BB00B1543A /* PRRomajiKanaConverterTest.swift */; };
		188B81AA1B60BE8C00B1543A /* RomajiKanaConversionArray.plist in Resources */ = {isa = PBXBuildFile; fileRef = 188B81A91B60BE8C00B1543A /* RomajiKanaConversionArray.plist */; };
		188B81AE1B60E0F500B1543A /* PRStringExtensionTest.swift in Sources */ = {isa = PBXBuildFile; fileRef = 188B81AD1B60E0F500B1543A /* PRStringExtensionTest.swift */; };
		188C73691A9EE6E600D1634C /* PRRelatedKanjiCell.swift in Sources */ = {isa = PBXBuildFile; fileRef = 188C73671A9EE6E600D1634C /* PRRelatedKanjiCell.swift */; };
		188C736A1A9EE6E600D1634C /* PRRelatedKanjiCell.xib in Resources */ = {isa = PBXBuildFile; fileRef = 188C73681A9EE6E600D1634C /* PRRelatedKanjiCell.xib */; };
		189369431A9D4DFD001DEFC4 /* PRSettingsViewController.swift in Sources */ = {isa = PBXBuildFile; fileRef = 189369411A9D4DFD001DEFC4 /* PRSettingsViewController.swift */; };
		1899D5881A9F0F1E006B63B0 /* PRMenuViewExtension.swift in Sources */ = {isa = PBXBuildFile; fileRef = 1899D5871A9F0F1E006B63B0 /* PRMenuViewExtension.swift */; };
		18BD12251B4E15EF00D76B2D /* PRFontExtension.swift in Sources */ = {isa = PBXBuildFile; fileRef = 18BD12241B4E15EF00D76B2D /* PRFontExtension.swift */; };
		18C27A0A1AA4332200B8621C /* PRFilterController.swift in Sources */ = {isa = PBXBuildFile; fileRef = 18C27A091AA4332200B8621C /* PRFilterController.swift */; };
		18C494881A95A55000095A7E /* PRHeaderCoordinator.swift in Sources */ = {isa = PBXBuildFile; fileRef = 18C494871A95A55000095A7E /* PRHeaderCoordinator.swift */; };
		18C4948C1A95B78900095A7E /* PRKanjiPageViewController.swift in Sources */ = {isa = PBXBuildFile; fileRef = 18C4948B1A95B78900095A7E /* PRKanjiPageViewController.swift */; };
		18C4948E1A95B7AB00095A7E /* PRKanjiTableViewController.swift in Sources */ = {isa = PBXBuildFile; fileRef = 18C4948D1A95B7AB00095A7E /* PRKanjiTableViewController.swift */; };
		18C5DA251A92FEF2007FF4A3 /* Question.swift in Sources */ = {isa = PBXBuildFile; fileRef = 18C5DA241A92FEF2007FF4A3 /* Question.swift */; };
		18C5DA271A9314EC007FF4A3 /* testPairing.plist in Resources */ = {isa = PBXBuildFile; fileRef = 18C5DA261A9314EC007FF4A3 /* testPairing.plist */; };
		18C64F1C1A917AC5000F5641 /* PRFuriganaLabel.swift in Sources */ = {isa = PBXBuildFile; fileRef = 18C64F1B1A917AC5000F5641 /* PRFuriganaLabel.swift */; };
		18C64F261A9203C1000F5641 /* PRTestViewController.swift in Sources */ = {isa = PBXBuildFile; fileRef = 18C64F251A9203C1000F5641 /* PRTestViewController.swift */; };
		18C64F291A920400000F5641 /* PRTestResultsViewController.swift in Sources */ = {isa = PBXBuildFile; fileRef = 18C64F271A920400000F5641 /* PRTestResultsViewController.swift */; };
		18C64F2A1A920400000F5641 /* PRTestViewController.xib in Resources */ = {isa = PBXBuildFile; fileRef = 18C64F281A920400000F5641 /* PRTestViewController.xib */; };
		18D0CB121A9C5E060027DD8F /* PRKanjiTableViewHeaderCell.xib in Resources */ = {isa = PBXBuildFile; fileRef = 18D0CB111A9C5E060027DD8F /* PRKanjiTableViewHeaderCell.xib */; };
		18D0CB141A9C63E80027DD8F /* PRKanjiTableViewHeaderCell.swift in Sources */ = {isa = PBXBuildFile; fileRef = 18D0CB131A9C63E80027DD8F /* PRKanjiTableViewHeaderCell.swift */; };
		18D170621A89A0B000672203 /* PRHeaderViewCell.xib in Resources */ = {isa = PBXBuildFile; fileRef = 18D170611A89A0B000672203 /* PRHeaderViewCell.xib */; };
		18D170641A89A49B00672203 /* PRHeaderViewCell.swift in Sources */ = {isa = PBXBuildFile; fileRef = 18D170631A89A49B00672203 /* PRHeaderViewCell.swift */; };
		18D1706A1A89BBE800672203 /* flashcardItems.plist in Resources */ = {isa = PBXBuildFile; fileRef = 18D170691A89BBE800672203 /* flashcardItems.plist */; };
		18D1706E1A89D77B00672203 /* PRStateSingleton.swift in Sources */ = {isa = PBXBuildFile; fileRef = 18D1706D1A89D77B00672203 /* PRStateSingleton.swift */; };
		18D170721A89F03100672203 /* PRFlashcardPageViewController.swift in Sources */ = {isa = PBXBuildFile; fileRef = 18D170711A89F03100672203 /* PRFlashcardPageViewController.swift */; };
		18D170741A89F13100672203 /* PRFlashcardViewController.xib in Resources */ = {isa = PBXBuildFile; fileRef = 18D170731A89F13100672203 /* PRFlashcardViewController.xib */; };
		18D170761A89F3E200672203 /* PRFlashcardViewController.swift in Sources */ = {isa = PBXBuildFile; fileRef = 18D170751A89F3E200672203 /* PRFlashcardViewController.swift */; };
		FB1713C41CCB263D00525299 /* Settings+CoreDataProperties.swift in Sources */ = {isa = PBXBuildFile; fileRef = FB1713C21CCB263D00525299 /* Settings+CoreDataProperties.swift */; };
		FB1713C51CCB263D00525299 /* Settings.swift in Sources */ = {isa = PBXBuildFile; fileRef = FB1713C31CCB263D00525299 /* Settings.swift */; };
		FB1713C61CCB2A5A00525299 /* Settings.swift in Sources */ = {isa = PBXBuildFile; fileRef = FB1713C31CCB263D00525299 /* Settings.swift */; };
		FB1713C71CCB2A5D00525299 /* Settings+CoreDataProperties.swift in Sources */ = {isa = PBXBuildFile; fileRef = FB1713C21CCB263D00525299 /* Settings+CoreDataProperties.swift */; };
		FB1713D01CCCF09300525299 /* Testable+CoreDataProperties.swift in Sources */ = {isa = PBXBuildFile; fileRef = FB1713CE1CCCF09300525299 /* Testable+CoreDataProperties.swift */; };
		FB1713D11CCCF09300525299 /* Testable.swift in Sources */ = {isa = PBXBuildFile; fileRef = FB1713CF1CCCF09300525299 /* Testable.swift */; };
		FB67D6E61A861B8A00926E38 /* kanjijigoku.xcdatamodeld in Sources */ = {isa = PBXBuildFile; fileRef = FB67D6E41A861B8A00926E38 /* kanjijigoku.xcdatamodeld */; };
		FB67D6ED1A861B8A00926E38 /* Images.xcassets in Resources */ = {isa = PBXBuildFile; fileRef = FB67D6EC1A861B8A00926E38 /* Images.xcassets */; };
		FB67D6F01A861B8A00926E38 /* LaunchScreen.xib in Resources */ = {isa = PBXBuildFile; fileRef = FB67D6EE1A861B8A00926E38 /* LaunchScreen.xib */; };
		FB67D6FC1A861B8B00926E38 /* kanjijigokuTests.swift in Sources */ = {isa = PBXBuildFile; fileRef = FB67D6FB1A861B8B00926E38 /* kanjijigokuTests.swift */; };
		FB67D7091A86232E00926E38 /* libsqlite3.dylib in Frameworks */ = {isa = PBXBuildFile; fileRef = FB67D7081A86232E00926E38 /* libsqlite3.dylib */; };
		FB6E9BA41E8D3A55004AB9CC /* FuriganaLayoutManager.swift in Sources */ = {isa = PBXBuildFile; fileRef = FB6E9BA01E8D3A55004AB9CC /* FuriganaLayoutManager.swift */; };
		FB6E9BA51E8D3A55004AB9CC /* FuriganaTextView.swift in Sources */ = {isa = PBXBuildFile; fileRef = FB6E9BA11E8D3A55004AB9CC /* FuriganaTextView.swift */; };
		FB6E9BA61E8D3A55004AB9CC /* FuriganaWordKerner.swift in Sources */ = {isa = PBXBuildFile; fileRef = FB6E9BA21E8D3A55004AB9CC /* FuriganaWordKerner.swift */; };
		FB6E9BA71E8D3A55004AB9CC /* StringFuriganaExt.swift in Sources */ = {isa = PBXBuildFile; fileRef = FB6E9BA31E8D3A55004AB9CC /* StringFuriganaExt.swift */; };
		FB803FE81CC2560A00E75C8B /* PRStateSingleton.swift in Sources */ = {isa = PBXBuildFile; fileRef = 18D1706D1A89D77B00672203 /* PRStateSingleton.swift */; };
		FB803FE91CC2560A00E75C8B /* PRImageGenerator.swift in Sources */ = {isa = PBXBuildFile; fileRef = 1871527E1AE5F67B008AD647 /* PRImageGenerator.swift */; };
		FB803FEB1CC2560A00E75C8B /* PRRomajiKanaConverter.swift in Sources */ = {isa = PBXBuildFile; fileRef = 188B81A31B60AB3D00B1543A /* PRRomajiKanaConverter.swift */; };
		FB803FED1CC2561800E75C8B /* PRFontExtension.swift in Sources */ = {isa = PBXBuildFile; fileRef = 18BD12241B4E15EF00D76B2D /* PRFontExtension.swift */; };
		FB803FEE1CC2561800E75C8B /* PRMenuViewExtension.swift in Sources */ = {isa = PBXBuildFile; fileRef = 1899D5871A9F0F1E006B63B0 /* PRMenuViewExtension.swift */; };
		FB803FEF1CC2561800E75C8B /* PRStringExtension.swift in Sources */ = {isa = PBXBuildFile; fileRef = 184828491B4CDFC1001AB41F /* PRStringExtension.swift */; };
		FB803FF11CC2562300E75C8B /* Question.swift in Sources */ = {isa = PBXBuildFile; fileRef = 18C5DA241A92FEF2007FF4A3 /* Question.swift */; };
		FB803FF21CC2562300E75C8B /* Flashcard.swift in Sources */ = {isa = PBXBuildFile; fileRef = FBF343921C5C8C3E00077C9D /* Flashcard.swift */; };
		FB803FF31CC2562300E75C8B /* Kanji+CoreDataProperties.swift in Sources */ = {isa = PBXBuildFile; fileRef = FBF343941C5C8FCD00077C9D /* Kanji+CoreDataProperties.swift */; };
		FB803FF41CC2562300E75C8B /* Kanji.swift in Sources */ = {isa = PBXBuildFile; fileRef = FBF343951C5C8FCD00077C9D /* Kanji.swift */; };
		FB803FF51CC2562300E75C8B /* BaseEntity+CoreDataProperties.swift in Sources */ = {isa = PBXBuildFile; fileRef = FBF343961C5C8FCD00077C9D /* BaseEntity+CoreDataProperties.swift */; };
		FB803FF61CC2562300E75C8B /* BaseEntity.swift in Sources */ = {isa = PBXBuildFile; fileRef = FBF343971C5C8FCD00077C9D /* BaseEntity.swift */; };
		FB803FF71CC2562400E75C8B /* Radical+CoreDataProperties.swift in Sources */ = {isa = PBXBuildFile; fileRef = FBF343981C5C8FCD00077C9D /* Radical+CoreDataProperties.swift */; };
		FB803FF81CC2562400E75C8B /* Radical.swift in Sources */ = {isa = PBXBuildFile; fileRef = FBF343991C5C8FCD00077C9D /* Radical.swift */; };
		FB803FF91CC2562400E75C8B /* Reading+CoreDataProperties.swift in Sources */ = {isa = PBXBuildFile; fileRef = FBF3439A1C5C8FCD00077C9D /* Reading+CoreDataProperties.swift */; };
		FB803FFA1CC2562400E75C8B /* Reading.swift in Sources */ = {isa = PBXBuildFile; fileRef = FBF3439B1C5C8FCD00077C9D /* Reading.swift */; };
		FB803FFD1CC2562400E75C8B /* Onyomi+CoreDataProperties.swift in Sources */ = {isa = PBXBuildFile; fileRef = FBF3439E1C5C8FCD00077C9D /* Onyomi+CoreDataProperties.swift */; };
		FB803FFE1CC2562400E75C8B /* Onyomi.swift in Sources */ = {isa = PBXBuildFile; fileRef = FBF3439F1C5C8FCD00077C9D /* Onyomi.swift */; };
		FB803FFF1CC2562400E75C8B /* Sentence+CoreDataProperties.swift in Sources */ = {isa = PBXBuildFile; fileRef = FBF343A01C5C8FCD00077C9D /* Sentence+CoreDataProperties.swift */; };
		FB8040001CC2562400E75C8B /* Sentence.swift in Sources */ = {isa = PBXBuildFile; fileRef = FBF343A11C5C8FCD00077C9D /* Sentence.swift */; };
		FB8040011CC2562400E75C8B /* Example+CoreDataProperties.swift in Sources */ = {isa = PBXBuildFile; fileRef = FBF343A41C5C8FCD00077C9D /* Example+CoreDataProperties.swift */; };
		FB8040021CC2562400E75C8B /* Example.swift in Sources */ = {isa = PBXBuildFile; fileRef = FBF343A51C5C8FCD00077C9D /* Example.swift */; };
		FB8040031CC2562400E75C8B /* Kunyomi+CoreDataProperties.swift in Sources */ = {isa = PBXBuildFile; fileRef = FBF343B81C5CD1E200077C9D /* Kunyomi+CoreDataProperties.swift */; };
		FB8040041CC2562400E75C8B /* Kunyomi.swift in Sources */ = {isa = PBXBuildFile; fileRef = FBF343B91C5CD1E200077C9D /* Kunyomi.swift */; };
		FB8040051CC2563100E75C8B /* PRSettingsViewController.swift in Sources */ = {isa = PBXBuildFile; fileRef = 189369411A9D4DFD001DEFC4 /* PRSettingsViewController.swift */; };
		FB8040061CC2563100E75C8B /* PRHeaderCoordinator.swift in Sources */ = {isa = PBXBuildFile; fileRef = 18C494871A95A55000095A7E /* PRHeaderCoordinator.swift */; };
		FB8040071CC2563100E75C8B /* PRFilterController.swift in Sources */ = {isa = PBXBuildFile; fileRef = 18C27A091AA4332200B8621C /* PRFilterController.swift */; };
		FB8040081CC2563100E75C8B /* PRInitController.swift in Sources */ = {isa = PBXBuildFile; fileRef = FBBA5A561B5A72FE00CAAC92 /* PRInitController.swift */; };
		FB8040091CC257F500E75C8B /* PRFilterCell.swift in Sources */ = {isa = PBXBuildFile; fileRef = 1812D5441AA9A771004C91D0 /* PRFilterCell.swift */; };
		FB80400A1CC257F500E75C8B /* PRFuriganaLabel.swift in Sources */ = {isa = PBXBuildFile; fileRef = 18C64F1B1A917AC5000F5641 /* PRFuriganaLabel.swift */; };
		FB80400B1CC257F500E75C8B /* PRHeaderViewCell.swift in Sources */ = {isa = PBXBuildFile; fileRef = 18D170631A89A49B00672203 /* PRHeaderViewCell.swift */; };
		FB80400C1CC257F500E75C8B /* PRKanjiHeader.swift in Sources */ = {isa = PBXBuildFile; fileRef = 1860524D1A9AF44C0046247B /* PRKanjiHeader.swift */; };
		FB80400D1CC257F500E75C8B /* PRRelatedKanjiCell.swift in Sources */ = {isa = PBXBuildFile; fileRef = 188C73671A9EE6E600D1634C /* PRRelatedKanjiCell.swift */; };
		FB80400E1CC257F500E75C8B /* PRNoCursorTextField.swift in Sources */ = {isa = PBXBuildFile; fileRef = 1812D5421AA9A35E004C91D0 /* PRNoCursorTextField.swift */; };
		FB80400F1CC257F500E75C8B /* PRDetailedKanjiCell.swift in Sources */ = {isa = PBXBuildFile; fileRef = 1848284C1B4CF964001AB41F /* PRDetailedKanjiCell.swift */; };
		FB8040101CC257F500E75C8B /* PRSearchKanjiViewController.swift in Sources */ = {isa = PBXBuildFile; fileRef = 18648AA51A9DB5EF00B5472D /* PRSearchKanjiViewController.swift */; };
		FB8040121CC257F500E75C8B /* PRKanjiPageViewController.swift in Sources */ = {isa = PBXBuildFile; fileRef = 18C4948B1A95B78900095A7E /* PRKanjiPageViewController.swift */; };
		FB8040131CC257F500E75C8B /* PRKanjiTableViewController.swift in Sources */ = {isa = PBXBuildFile; fileRef = 18C4948D1A95B7AB00095A7E /* PRKanjiTableViewController.swift */; };
		FB8040141CC257F500E75C8B /* PRKanjiTableViewHeaderCell.swift in Sources */ = {isa = PBXBuildFile; fileRef = 18D0CB131A9C63E80027DD8F /* PRKanjiTableViewHeaderCell.swift */; };
		FB8040161CC257F500E75C8B /* PRTestViewController.swift in Sources */ = {isa = PBXBuildFile; fileRef = 18C64F251A9203C1000F5641 /* PRTestViewController.swift */; };
		FB8040171CC257F500E75C8B /* PRTestResultsViewController.swift in Sources */ = {isa = PBXBuildFile; fileRef = 18C64F271A920400000F5641 /* PRTestResultsViewController.swift */; };
		FB8040181CC257F500E75C8B /* PRFlashcardPageViewController.swift in Sources */ = {isa = PBXBuildFile; fileRef = 18D170711A89F03100672203 /* PRFlashcardPageViewController.swift */; };
		FB80401A1CC257F500E75C8B /* PRFlashcardViewController.swift in Sources */ = {isa = PBXBuildFile; fileRef = 18D170751A89F3E200672203 /* PRFlashcardViewController.swift */; };
		FBBA5A571B5A72FE00CAAC92 /* PRInitController.swift in Sources */ = {isa = PBXBuildFile; fileRef = FBBA5A561B5A72FE00CAAC92 /* PRInitController.swift */; };
		FBC6C71D1CCF865F009E5598 /* ImportOperation.swift in Sources */ = {isa = PBXBuildFile; fileRef = FBC6C71C1CCF865F009E5598 /* ImportOperation.swift */; };
		FBD813201CA0374400725593 /* Settings.bundle in Resources */ = {isa = PBXBuildFile; fileRef = FBD8131F1CA0374400725593 /* Settings.bundle */; };
		FBD8CB8E1D72CC940061DC52 /* AppDefaults.swift in Sources */ = {isa = PBXBuildFile; fileRef = FBD8CB8B1D72CC940061DC52 /* AppDefaults.swift */; };
		FBD8CB8F1D72CC940061DC52 /* AppDelegate.swift in Sources */ = {isa = PBXBuildFile; fileRef = FBD8CB8C1D72CC940061DC52 /* AppDelegate.swift */; };
		FBD8CB901D72CC940061DC52 /* PRDatabaseHelper.swift in Sources */ = {isa = PBXBuildFile; fileRef = FBD8CB8D1D72CC940061DC52 /* PRDatabaseHelper.swift */; };
		FBD8CB921D72CCB00061DC52 /* PRViewExtension.swift in Sources */ = {isa = PBXBuildFile; fileRef = FBD8CB911D72CCB00061DC52 /* PRViewExtension.swift */; };
		FBD8CB941D72CCBC0061DC52 /* PRFlashcardMenuViewController.swift in Sources */ = {isa = PBXBuildFile; fileRef = FBD8CB931D72CCBC0061DC52 /* PRFlashcardMenuViewController.swift */; };
		FBD8CB961D72CCC80061DC52 /* PRTestsMenuViewController.swift in Sources */ = {isa = PBXBuildFile; fileRef = FBD8CB951D72CCC80061DC52 /* PRTestsMenuViewController.swift */; };
		FBD8CB981D72CCD30061DC52 /* PRKanjiMenuViewController.swift in Sources */ = {isa = PBXBuildFile; fileRef = FBD8CB971D72CCD30061DC52 /* PRKanjiMenuViewController.swift */; };
		FBD8CB9B1D72CD430061DC52 /* clientDB.db in Resources */ = {isa = PBXBuildFile; fileRef = FBD8CB9A1D72CD430061DC52 /* clientDB.db */; };
		FBF343931C5C8C3E00077C9D /* Flashcard.swift in Sources */ = {isa = PBXBuildFile; fileRef = FBF343921C5C8C3E00077C9D /* Flashcard.swift */; };
		FBF343A61C5C8FCD00077C9D /* Kanji+CoreDataProperties.swift in Sources */ = {isa = PBXBuildFile; fileRef = FBF343941C5C8FCD00077C9D /* Kanji+CoreDataProperties.swift */; };
		FBF343A71C5C8FCD00077C9D /* Kanji.swift in Sources */ = {isa = PBXBuildFile; fileRef = FBF343951C5C8FCD00077C9D /* Kanji.swift */; };
		FBF343A81C5C8FCD00077C9D /* BaseEntity+CoreDataProperties.swift in Sources */ = {isa = PBXBuildFile; fileRef = FBF343961C5C8FCD00077C9D /* BaseEntity+CoreDataProperties.swift */; };
		FBF343A91C5C8FCD00077C9D /* BaseEntity.swift in Sources */ = {isa = PBXBuildFile; fileRef = FBF343971C5C8FCD00077C9D /* BaseEntity.swift */; };
		FBF343AA1C5C8FCD00077C9D /* Radical+CoreDataProperties.swift in Sources */ = {isa = PBXBuildFile; fileRef = FBF343981C5C8FCD00077C9D /* Radical+CoreDataProperties.swift */; };
		FBF343AB1C5C8FCD00077C9D /* Radical.swift in Sources */ = {isa = PBXBuildFile; fileRef = FBF343991C5C8FCD00077C9D /* Radical.swift */; };
		FBF343AC1C5C8FCD00077C9D /* Reading+CoreDataProperties.swift in Sources */ = {isa = PBXBuildFile; fileRef = FBF3439A1C5C8FCD00077C9D /* Reading+CoreDataProperties.swift */; };
		FBF343AD1C5C8FCD00077C9D /* Reading.swift in Sources */ = {isa = PBXBuildFile; fileRef = FBF3439B1C5C8FCD00077C9D /* Reading.swift */; };
		FBF343B01C5C8FCD00077C9D /* Onyomi+CoreDataProperties.swift in Sources */ = {isa = PBXBuildFile; fileRef = FBF3439E1C5C8FCD00077C9D /* Onyomi+CoreDataProperties.swift */; };
		FBF343B11C5C8FCD00077C9D /* Onyomi.swift in Sources */ = {isa = PBXBuildFile; fileRef = FBF3439F1C5C8FCD00077C9D /* Onyomi.swift */; };
		FBF343B21C5C8FCD00077C9D /* Sentence+CoreDataProperties.swift in Sources */ = {isa = PBXBuildFile; fileRef = FBF343A01C5C8FCD00077C9D /* Sentence+CoreDataProperties.swift */; };
		FBF343B31C5C8FCD00077C9D /* Sentence.swift in Sources */ = {isa = PBXBuildFile; fileRef = FBF343A11C5C8FCD00077C9D /* Sentence.swift */; };
		FBF343B61C5C8FCD00077C9D /* Example+CoreDataProperties.swift in Sources */ = {isa = PBXBuildFile; fileRef = FBF343A41C5C8FCD00077C9D /* Example+CoreDataProperties.swift */; };
		FBF343B71C5C8FCD00077C9D /* Example.swift in Sources */ = {isa = PBXBuildFile; fileRef = FBF343A51C5C8FCD00077C9D /* Example.swift */; };
		FBF343BA1C5CD1E200077C9D /* Kunyomi+CoreDataProperties.swift in Sources */ = {isa = PBXBuildFile; fileRef = FBF343B81C5CD1E200077C9D /* Kunyomi+CoreDataProperties.swift */; };
		FBF343BB1C5CD1E200077C9D /* Kunyomi.swift in Sources */ = {isa = PBXBuildFile; fileRef = FBF343B91C5CD1E200077C9D /* Kunyomi.swift */; };
		FBF399BA1CA78FE000D00631 /* PRAuthTest.swift in Sources */ = {isa = PBXBuildFile; fileRef = FBF399B91CA78FE000D00631 /* PRAuthTest.swift */; };
/* End PBXBuildFile section */

/* Begin PBXContainerItemProxy section */
		FB67D6F61A861B8B00926E38 /* PBXContainerItemProxy */ = {
			isa = PBXContainerItemProxy;
			containerPortal = FB67D6D51A861B8A00926E38 /* Project object */;
			proxyType = 1;
			remoteGlobalIDString = FB67D6DC1A861B8A00926E38;
			remoteInfo = kanjijigoku;
		};
/* End PBXContainerItemProxy section */

/* Begin PBXFileReference section */
		064766009EFF4D181DAF83BA /* Pods.framework */ = {isa = PBXFileReference; explicitFileType = wrapper.framework; includeInIndex = 0; path = Pods.framework; sourceTree = BUILT_PRODUCTS_DIR; };
		180ABC971A9D5CFB0053A7F6 /* PRFilterCell.xib */ = {isa = PBXFileReference; fileEncoding = 4; lastKnownFileType = file.xib; name = PRFilterCell.xib; path = Source/PRFilterCell.xib; sourceTree = "<group>"; };
		1812D5421AA9A35E004C91D0 /* PRNoCursorTextField.swift */ = {isa = PBXFileReference; fileEncoding = 4; lastKnownFileType = sourcecode.swift; name = PRNoCursorTextField.swift; path = Source/PRNoCursorTextField.swift; sourceTree = "<group>"; };
		1812D5441AA9A771004C91D0 /* PRFilterCell.swift */ = {isa = PBXFileReference; fileEncoding = 4; lastKnownFileType = sourcecode.swift; name = PRFilterCell.swift; path = Source/PRFilterCell.swift; sourceTree = "<group>"; };
		184828491B4CDFC1001AB41F /* PRStringExtension.swift */ = {isa = PBXFileReference; fileEncoding = 4; lastKnownFileType = sourcecode.swift; name = PRStringExtension.swift; path = Source/PRStringExtension.swift; sourceTree = "<group>"; };
		1848284C1B4CF964001AB41F /* PRDetailedKanjiCell.swift */ = {isa = PBXFileReference; fileEncoding = 4; lastKnownFileType = sourcecode.swift; name = PRDetailedKanjiCell.swift; path = Source/PRDetailedKanjiCell.swift; sourceTree = "<group>"; };
		185AF1C488D6EF42DE3C9567 /* Pods-kanjijigoku.debug.xcconfig */ = {isa = PBXFileReference; includeInIndex = 1; lastKnownFileType = text.xcconfig; name = "Pods-kanjijigoku.debug.xcconfig"; path = "Pods/Target Support Files/Pods-kanjijigoku/Pods-kanjijigoku.debug.xcconfig"; sourceTree = "<group>"; };
		1860524D1A9AF44C0046247B /* PRKanjiHeader.swift */ = {isa = PBXFileReference; fileEncoding = 4; lastKnownFileType = sourcecode.swift; name = PRKanjiHeader.swift; path = Source/PRKanjiHeader.swift; sourceTree = "<group>"; };
		18648AA51A9DB5EF00B5472D /* PRSearchKanjiViewController.swift */ = {isa = PBXFileReference; fileEncoding = 4; lastKnownFileType = sourcecode.swift; name = PRSearchKanjiViewController.swift; path = Source/PRSearchKanjiViewController.swift; sourceTree = "<group>"; };
		18648AA61A9DB5EF00B5472D /* PRSearchKanjiViewController.xib */ = {isa = PBXFileReference; fileEncoding = 4; lastKnownFileType = file.xib; name = PRSearchKanjiViewController.xib; path = Source/PRSearchKanjiViewController.xib; sourceTree = "<group>"; };
		1871527E1AE5F67B008AD647 /* PRImageGenerator.swift */ = {isa = PBXFileReference; fileEncoding = 4; lastKnownFileType = sourcecode.swift; name = PRImageGenerator.swift; path = Source/PRImageGenerator.swift; sourceTree = "<group>"; };
		188B81A31B60AB3D00B1543A /* PRRomajiKanaConverter.swift */ = {isa = PBXFileReference; fileEncoding = 4; lastKnownFileType = sourcecode.swift; name = PRRomajiKanaConverter.swift; path = Source/PRRomajiKanaConverter.swift; sourceTree = "<group>"; };
		188B81A71B60B7BB00B1543A /* PRRomajiKanaConverterTest.swift */ = {isa = PBXFileReference; fileEncoding = 4; lastKnownFileType = sourcecode.swift; path = PRRomajiKanaConverterTest.swift; sourceTree = "<group>"; };
		188B81A91B60BE8C00B1543A /* RomajiKanaConversionArray.plist */ = {isa = PBXFileReference; fileEncoding = 4; lastKnownFileType = text.plist.xml; path = RomajiKanaConversionArray.plist; sourceTree = "<group>"; };
		188B81AD1B60E0F500B1543A /* PRStringExtensionTest.swift */ = {isa = PBXFileReference; fileEncoding = 4; lastKnownFileType = sourcecode.swift; path = PRStringExtensionTest.swift; sourceTree = "<group>"; };
		188C73671A9EE6E600D1634C /* PRRelatedKanjiCell.swift */ = {isa = PBXFileReference; fileEncoding = 4; lastKnownFileType = sourcecode.swift; name = PRRelatedKanjiCell.swift; path = Source/PRRelatedKanjiCell.swift; sourceTree = "<group>"; };
		188C73681A9EE6E600D1634C /* PRRelatedKanjiCell.xib */ = {isa = PBXFileReference; fileEncoding = 4; lastKnownFileType = file.xib; name = PRRelatedKanjiCell.xib; path = Source/PRRelatedKanjiCell.xib; sourceTree = "<group>"; };
		189369411A9D4DFD001DEFC4 /* PRSettingsViewController.swift */ = {isa = PBXFileReference; fileEncoding = 4; lastKnownFileType = sourcecode.swift; name = PRSettingsViewController.swift; path = Source/PRSettingsViewController.swift; sourceTree = "<group>"; };
		1899D5871A9F0F1E006B63B0 /* PRMenuViewExtension.swift */ = {isa = PBXFileReference; fileEncoding = 4; lastKnownFileType = sourcecode.swift; name = PRMenuViewExtension.swift; path = Source/PRMenuViewExtension.swift; sourceTree = "<group>"; };
		18BD12241B4E15EF00D76B2D /* PRFontExtension.swift */ = {isa = PBXFileReference; fileEncoding = 4; lastKnownFileType = sourcecode.swift; name = PRFontExtension.swift; path = Source/PRFontExtension.swift; sourceTree = "<group>"; };
		18C27A091AA4332200B8621C /* PRFilterController.swift */ = {isa = PBXFileReference; fileEncoding = 4; lastKnownFileType = sourcecode.swift; name = PRFilterController.swift; path = Source/PRFilterController.swift; sourceTree = "<group>"; };
		18C494871A95A55000095A7E /* PRHeaderCoordinator.swift */ = {isa = PBXFileReference; fileEncoding = 4; lastKnownFileType = sourcecode.swift; name = PRHeaderCoordinator.swift; path = Source/PRHeaderCoordinator.swift; sourceTree = "<group>"; };
		18C4948B1A95B78900095A7E /* PRKanjiPageViewController.swift */ = {isa = PBXFileReference; fileEncoding = 4; lastKnownFileType = sourcecode.swift; name = PRKanjiPageViewController.swift; path = Source/PRKanjiPageViewController.swift; sourceTree = "<group>"; };
		18C4948D1A95B7AB00095A7E /* PRKanjiTableViewController.swift */ = {isa = PBXFileReference; fileEncoding = 4; lastKnownFileType = sourcecode.swift; name = PRKanjiTableViewController.swift; path = Source/PRKanjiTableViewController.swift; sourceTree = "<group>"; };
		18C5DA241A92FEF2007FF4A3 /* Question.swift */ = {isa = PBXFileReference; fileEncoding = 4; lastKnownFileType = sourcecode.swift; name = Question.swift; path = Source/Question.swift; sourceTree = "<group>"; };
		18C5DA261A9314EC007FF4A3 /* testPairing.plist */ = {isa = PBXFileReference; fileEncoding = 4; lastKnownFileType = text.plist.xml; name = testPairing.plist; path = Source/testPairing.plist; sourceTree = "<group>"; };
		18C64F1B1A917AC5000F5641 /* PRFuriganaLabel.swift */ = {isa = PBXFileReference; fileEncoding = 4; lastKnownFileType = sourcecode.swift; name = PRFuriganaLabel.swift; path = Source/PRFuriganaLabel.swift; sourceTree = "<group>"; };
		18C64F251A9203C1000F5641 /* PRTestViewController.swift */ = {isa = PBXFileReference; fileEncoding = 4; lastKnownFileType = sourcecode.swift; name = PRTestViewController.swift; path = Source/PRTestViewController.swift; sourceTree = "<group>"; };
		18C64F271A920400000F5641 /* PRTestResultsViewController.swift */ = {isa = PBXFileReference; fileEncoding = 4; lastKnownFileType = sourcecode.swift; name = PRTestResultsViewController.swift; path = Source/PRTestResultsViewController.swift; sourceTree = "<group>"; };
		18C64F281A920400000F5641 /* PRTestViewController.xib */ = {isa = PBXFileReference; fileEncoding = 4; lastKnownFileType = file.xib; name = PRTestViewController.xib; path = Source/PRTestViewController.xib; sourceTree = "<group>"; };
		18D0CB111A9C5E060027DD8F /* PRKanjiTableViewHeaderCell.xib */ = {isa = PBXFileReference; fileEncoding = 4; lastKnownFileType = file.xib; name = PRKanjiTableViewHeaderCell.xib; path = Source/PRKanjiTableViewHeaderCell.xib; sourceTree = "<group>"; };
		18D0CB131A9C63E80027DD8F /* PRKanjiTableViewHeaderCell.swift */ = {isa = PBXFileReference; fileEncoding = 4; lastKnownFileType = sourcecode.swift; name = PRKanjiTableViewHeaderCell.swift; path = Source/PRKanjiTableViewHeaderCell.swift; sourceTree = "<group>"; };
		18D170611A89A0B000672203 /* PRHeaderViewCell.xib */ = {isa = PBXFileReference; fileEncoding = 4; lastKnownFileType = file.xib; name = PRHeaderViewCell.xib; path = Source/PRHeaderViewCell.xib; sourceTree = "<group>"; };
		18D170631A89A49B00672203 /* PRHeaderViewCell.swift */ = {isa = PBXFileReference; fileEncoding = 4; lastKnownFileType = sourcecode.swift; name = PRHeaderViewCell.swift; path = Source/PRHeaderViewCell.swift; sourceTree = "<group>"; };
		18D170691A89BBE800672203 /* flashcardItems.plist */ = {isa = PBXFileReference; fileEncoding = 4; lastKnownFileType = text.plist.xml; path = flashcardItems.plist; sourceTree = "<group>"; };
		18D1706D1A89D77B00672203 /* PRStateSingleton.swift */ = {isa = PBXFileReference; fileEncoding = 4; lastKnownFileType = sourcecode.swift; name = PRStateSingleton.swift; path = Source/PRStateSingleton.swift; sourceTree = "<group>"; };
		18D170711A89F03100672203 /* PRFlashcardPageViewController.swift */ = {isa = PBXFileReference; fileEncoding = 4; lastKnownFileType = sourcecode.swift; name = PRFlashcardPageViewController.swift; path = Source/PRFlashcardPageViewController.swift; sourceTree = "<group>"; };
		18D170731A89F13100672203 /* PRFlashcardViewController.xib */ = {isa = PBXFileReference; fileEncoding = 4; lastKnownFileType = file.xib; name = PRFlashcardViewController.xib; path = Source/PRFlashcardViewController.xib; sourceTree = "<group>"; };
		18D170751A89F3E200672203 /* PRFlashcardViewController.swift */ = {isa = PBXFileReference; fileEncoding = 4; lastKnownFileType = sourcecode.swift; name = PRFlashcardViewController.swift; path = Source/PRFlashcardViewController.swift; sourceTree = "<group>"; };
		1B8BFBF8EE61039CCCBB44D5 /* Pods_kanjijigokuTests.framework */ = {isa = PBXFileReference; explicitFileType = wrapper.framework; includeInIndex = 0; path = Pods_kanjijigokuTests.framework; sourceTree = BUILT_PRODUCTS_DIR; };
		9580FD2273C5217CAC40490F /* Pods-kanjijigokuTests.debug.xcconfig */ = {isa = PBXFileReference; includeInIndex = 1; lastKnownFileType = text.xcconfig; name = "Pods-kanjijigokuTests.debug.xcconfig"; path = "Pods/Target Support Files/Pods-kanjijigokuTests/Pods-kanjijigokuTests.debug.xcconfig"; sourceTree = "<group>"; };
		A54AB6378B6B046F64D7D9C1 /* Pods-kanjijigoku.release.xcconfig */ = {isa = PBXFileReference; includeInIndex = 1; lastKnownFileType = text.xcconfig; name = "Pods-kanjijigoku.release.xcconfig"; path = "Pods/Target Support Files/Pods-kanjijigoku/Pods-kanjijigoku.release.xcconfig"; sourceTree = "<group>"; };
		BA08C36B76E7719B2D756F04 /* Pods_kanjijigoku.framework */ = {isa = PBXFileReference; explicitFileType = wrapper.framework; includeInIndex = 0; path = Pods_kanjijigoku.framework; sourceTree = BUILT_PRODUCTS_DIR; };
		C3B6FBFD02427410EA9680C5 /* Pods-kanjijigokuTests.release.xcconfig */ = {isa = PBXFileReference; includeInIndex = 1; lastKnownFileType = text.xcconfig; name = "Pods-kanjijigokuTests.release.xcconfig"; path = "Pods/Target Support Files/Pods-kanjijigokuTests/Pods-kanjijigokuTests.release.xcconfig"; sourceTree = "<group>"; };
		FB1713C21CCB263D00525299 /* Settings+CoreDataProperties.swift */ = {isa = PBXFileReference; fileEncoding = 4; lastKnownFileType = sourcecode.swift; name = "Settings+CoreDataProperties.swift"; path = "Source/Settings+CoreDataProperties.swift"; sourceTree = "<group>"; };
		FB1713C31CCB263D00525299 /* Settings.swift */ = {isa = PBXFileReference; fileEncoding = 4; lastKnownFileType = sourcecode.swift; name = Settings.swift; path = Source/Settings.swift; sourceTree = "<group>"; };
		FB1713CD1CCCAEDB00525299 /* kanjijigoku-Bridging-Header.h */ = {isa = PBXFileReference; fileEncoding = 4; lastKnownFileType = sourcecode.c.h; path = "kanjijigoku-Bridging-Header.h"; sourceTree = "<group>"; };
		FB1713CE1CCCF09300525299 /* Testable+CoreDataProperties.swift */ = {isa = PBXFileReference; fileEncoding = 4; lastKnownFileType = sourcecode.swift; name = "Testable+CoreDataProperties.swift"; path = "Source/fmdb/Testable+CoreDataProperties.swift"; sourceTree = "<group>"; };
		FB1713CF1CCCF09300525299 /* Testable.swift */ = {isa = PBXFileReference; fileEncoding = 4; lastKnownFileType = sourcecode.swift; name = Testable.swift; path = Source/fmdb/Testable.swift; sourceTree = "<group>"; };
		FB67D6DD1A861B8A00926E38 /* kanjijigoku.app */ = {isa = PBXFileReference; explicitFileType = wrapper.application; includeInIndex = 0; path = kanjijigoku.app; sourceTree = BUILT_PRODUCTS_DIR; };
		FB67D6E11A861B8A00926E38 /* Info.plist */ = {isa = PBXFileReference; lastKnownFileType = text.plist.xml; path = Info.plist; sourceTree = "<group>"; };
		FB67D6E51A861B8A00926E38 /* kanjijigoku.xcdatamodel */ = {isa = PBXFileReference; lastKnownFileType = wrapper.xcdatamodel; path = kanjijigoku.xcdatamodel; sourceTree = "<group>"; };
		FB67D6EC1A861B8A00926E38 /* Images.xcassets */ = {isa = PBXFileReference; lastKnownFileType = folder.assetcatalog; path = Images.xcassets; sourceTree = "<group>"; };
		FB67D6EF1A861B8A00926E38 /* Base */ = {isa = PBXFileReference; lastKnownFileType = file.xib; name = Base; path = Base.lproj/LaunchScreen.xib; sourceTree = "<group>"; };
		FB67D6F51A861B8B00926E38 /* kanjijigokuTests.xctest */ = {isa = PBXFileReference; explicitFileType = wrapper.cfbundle; includeInIndex = 0; path = kanjijigokuTests.xctest; sourceTree = BUILT_PRODUCTS_DIR; };
		FB67D6FB1A861B8B00926E38 /* kanjijigokuTests.swift */ = {isa = PBXFileReference; lastKnownFileType = sourcecode.swift; path = kanjijigokuTests.swift; sourceTree = "<group>"; };
		FB67D7081A86232E00926E38 /* libsqlite3.dylib */ = {isa = PBXFileReference; lastKnownFileType = "compiled.mach-o.dylib"; name = libsqlite3.dylib; path = usr/lib/libsqlite3.dylib; sourceTree = SDKROOT; };
		FB6E9BA01E8D3A55004AB9CC /* FuriganaLayoutManager.swift */ = {isa = PBXFileReference; fileEncoding = 4; lastKnownFileType = sourcecode.swift; name = FuriganaLayoutManager.swift; path = Source/FuriganaLib/FuriganaLayoutManager.swift; sourceTree = "<group>"; };
		FB6E9BA11E8D3A55004AB9CC /* FuriganaTextView.swift */ = {isa = PBXFileReference; fileEncoding = 4; lastKnownFileType = sourcecode.swift; name = FuriganaTextView.swift; path = Source/FuriganaLib/FuriganaTextView.swift; sourceTree = "<group>"; };
		FB6E9BA21E8D3A55004AB9CC /* FuriganaWordKerner.swift */ = {isa = PBXFileReference; fileEncoding = 4; lastKnownFileType = sourcecode.swift; name = FuriganaWordKerner.swift; path = Source/FuriganaLib/FuriganaWordKerner.swift; sourceTree = "<group>"; };
		FB6E9BA31E8D3A55004AB9CC /* StringFuriganaExt.swift */ = {isa = PBXFileReference; fileEncoding = 4; lastKnownFileType = sourcecode.swift; name = StringFuriganaExt.swift; path = Source/FuriganaLib/StringFuriganaExt.swift; sourceTree = "<group>"; };
		FBBA5A561B5A72FE00CAAC92 /* PRInitController.swift */ = {isa = PBXFileReference; fileEncoding = 4; lastKnownFileType = sourcecode.swift; name = PRInitController.swift; path = Source/PRInitController.swift; sourceTree = "<group>"; };
		FBC6C71C1CCF865F009E5598 /* ImportOperation.swift */ = {isa = PBXFileReference; fileEncoding = 4; lastKnownFileType = sourcecode.swift; name = ImportOperation.swift; path = Source/fmdb/ImportOperation.swift; sourceTree = "<group>"; };
		FBD8131F1CA0374400725593 /* Settings.bundle */ = {isa = PBXFileReference; lastKnownFileType = "wrapper.plug-in"; path = Settings.bundle; sourceTree = "<group>"; };
		FBD8CB8B1D72CC940061DC52 /* AppDefaults.swift */ = {isa = PBXFileReference; fileEncoding = 4; lastKnownFileType = sourcecode.swift; name = AppDefaults.swift; path = Source/AppDefaults.swift; sourceTree = "<group>"; };
		FBD8CB8C1D72CC940061DC52 /* AppDelegate.swift */ = {isa = PBXFileReference; fileEncoding = 4; lastKnownFileType = sourcecode.swift; name = AppDelegate.swift; path = Source/AppDelegate.swift; sourceTree = "<group>"; };
		FBD8CB8D1D72CC940061DC52 /* PRDatabaseHelper.swift */ = {isa = PBXFileReference; fileEncoding = 4; lastKnownFileType = sourcecode.swift; name = PRDatabaseHelper.swift; path = Source/PRDatabaseHelper.swift; sourceTree = "<group>"; };
		FBD8CB911D72CCB00061DC52 /* PRViewExtension.swift */ = {isa = PBXFileReference; fileEncoding = 4; lastKnownFileType = sourcecode.swift; name = PRViewExtension.swift; path = Source/PRViewExtension.swift; sourceTree = "<group>"; };
		FBD8CB931D72CCBC0061DC52 /* PRFlashcardMenuViewController.swift */ = {isa = PBXFileReference; fileEncoding = 4; lastKnownFileType = sourcecode.swift; name = PRFlashcardMenuViewController.swift; path = Source/PRFlashcardMenuViewController.swift; sourceTree = "<group>"; };
		FBD8CB951D72CCC80061DC52 /* PRTestsMenuViewController.swift */ = {isa = PBXFileReference; fileEncoding = 4; lastKnownFileType = sourcecode.swift; name = PRTestsMenuViewController.swift; path = Source/PRTestsMenuViewController.swift; sourceTree = "<group>"; };
		FBD8CB971D72CCD30061DC52 /* PRKanjiMenuViewController.swift */ = {isa = PBXFileReference; fileEncoding = 4; lastKnownFileType = sourcecode.swift; name = PRKanjiMenuViewController.swift; path = Source/PRKanjiMenuViewController.swift; sourceTree = "<group>"; };
		FBD8CB9A1D72CD430061DC52 /* clientDB.db */ = {isa = PBXFileReference; lastKnownFileType = file; name = clientDB.db; path = Resources/clientDB.db; sourceTree = "<group>"; };
		FBF343921C5C8C3E00077C9D /* Flashcard.swift */ = {isa = PBXFileReference; fileEncoding = 4; lastKnownFileType = sourcecode.swift; name = Flashcard.swift; path = Source/Flashcard.swift; sourceTree = "<group>"; };
		FBF343941C5C8FCD00077C9D /* Kanji+CoreDataProperties.swift */ = {isa = PBXFileReference; fileEncoding = 4; lastKnownFileType = sourcecode.swift; name = "Kanji+CoreDataProperties.swift"; path = "Source/Kanji+CoreDataProperties.swift"; sourceTree = "<group>"; };
		FBF343951C5C8FCD00077C9D /* Kanji.swift */ = {isa = PBXFileReference; fileEncoding = 4; lastKnownFileType = sourcecode.swift; name = Kanji.swift; path = Source/Kanji.swift; sourceTree = "<group>"; };
		FBF343961C5C8FCD00077C9D /* BaseEntity+CoreDataProperties.swift */ = {isa = PBXFileReference; fileEncoding = 4; lastKnownFileType = sourcecode.swift; name = "BaseEntity+CoreDataProperties.swift"; path = "Source/BaseEntity+CoreDataProperties.swift"; sourceTree = "<group>"; };
		FBF343971C5C8FCD00077C9D /* BaseEntity.swift */ = {isa = PBXFileReference; fileEncoding = 4; lastKnownFileType = sourcecode.swift; name = BaseEntity.swift; path = Source/BaseEntity.swift; sourceTree = "<group>"; };
		FBF343981C5C8FCD00077C9D /* Radical+CoreDataProperties.swift */ = {isa = PBXFileReference; fileEncoding = 4; lastKnownFileType = sourcecode.swift; name = "Radical+CoreDataProperties.swift"; path = "Source/Radical+CoreDataProperties.swift"; sourceTree = "<group>"; };
		FBF343991C5C8FCD00077C9D /* Radical.swift */ = {isa = PBXFileReference; fileEncoding = 4; lastKnownFileType = sourcecode.swift; name = Radical.swift; path = Source/Radical.swift; sourceTree = "<group>"; };
		FBF3439A1C5C8FCD00077C9D /* Reading+CoreDataProperties.swift */ = {isa = PBXFileReference; fileEncoding = 4; lastKnownFileType = sourcecode.swift; name = "Reading+CoreDataProperties.swift"; path = "Source/Reading+CoreDataProperties.swift"; sourceTree = "<group>"; };
		FBF3439B1C5C8FCD00077C9D /* Reading.swift */ = {isa = PBXFileReference; fileEncoding = 4; lastKnownFileType = sourcecode.swift; name = Reading.swift; path = Source/Reading.swift; sourceTree = "<group>"; };
		FBF3439E1C5C8FCD00077C9D /* Onyomi+CoreDataProperties.swift */ = {isa = PBXFileReference; fileEncoding = 4; lastKnownFileType = sourcecode.swift; name = "Onyomi+CoreDataProperties.swift"; path = "Source/Onyomi+CoreDataProperties.swift"; sourceTree = "<group>"; };
		FBF3439F1C5C8FCD00077C9D /* Onyomi.swift */ = {isa = PBXFileReference; fileEncoding = 4; lastKnownFileType = sourcecode.swift; name = Onyomi.swift; path = Source/Onyomi.swift; sourceTree = "<group>"; };
		FBF343A01C5C8FCD00077C9D /* Sentence+CoreDataProperties.swift */ = {isa = PBXFileReference; fileEncoding = 4; lastKnownFileType = sourcecode.swift; name = "Sentence+CoreDataProperties.swift"; path = "Source/Sentence+CoreDataProperties.swift"; sourceTree = "<group>"; };
		FBF343A11C5C8FCD00077C9D /* Sentence.swift */ = {isa = PBXFileReference; fileEncoding = 4; lastKnownFileType = sourcecode.swift; name = Sentence.swift; path = Source/Sentence.swift; sourceTree = "<group>"; };
		FBF343A41C5C8FCD00077C9D /* Example+CoreDataProperties.swift */ = {isa = PBXFileReference; fileEncoding = 4; lastKnownFileType = sourcecode.swift; name = "Example+CoreDataProperties.swift"; path = "Source/Example+CoreDataProperties.swift"; sourceTree = "<group>"; };
		FBF343A51C5C8FCD00077C9D /* Example.swift */ = {isa = PBXFileReference; fileEncoding = 4; lastKnownFileType = sourcecode.swift; name = Example.swift; path = Source/Example.swift; sourceTree = "<group>"; };
		FBF343B81C5CD1E200077C9D /* Kunyomi+CoreDataProperties.swift */ = {isa = PBXFileReference; fileEncoding = 4; lastKnownFileType = sourcecode.swift; name = "Kunyomi+CoreDataProperties.swift"; path = "Source/Kunyomi+CoreDataProperties.swift"; sourceTree = "<group>"; };
		FBF343B91C5CD1E200077C9D /* Kunyomi.swift */ = {isa = PBXFileReference; fileEncoding = 4; lastKnownFileType = sourcecode.swift; name = Kunyomi.swift; path = Source/Kunyomi.swift; sourceTree = "<group>"; };
		FBF399B91CA78FE000D00631 /* PRAuthTest.swift */ = {isa = PBXFileReference; fileEncoding = 4; lastKnownFileType = sourcecode.swift; path = PRAuthTest.swift; sourceTree = "<group>"; };
/* End PBXFileReference section */

/* Begin PBXFrameworksBuildPhase section */
		FB67D6DA1A861B8A00926E38 /* Frameworks */ = {
			isa = PBXFrameworksBuildPhase;
			buildActionMask = 2147483647;
			files = (
				FB67D7091A86232E00926E38 /* libsqlite3.dylib in Frameworks */,
				004B9C94363C9B59E7DE6739 /* Pods_kanjijigoku.framework in Frameworks */,
			);
			runOnlyForDeploymentPostprocessing = 0;
		};
		FB67D6F21A861B8B00926E38 /* Frameworks */ = {
			isa = PBXFrameworksBuildPhase;
			buildActionMask = 2147483647;
			files = (
				0270EBEBC733827A8AC2C57B /* Pods_kanjijigokuTests.framework in Frameworks */,
			);
			runOnlyForDeploymentPostprocessing = 0;
		};
/* End PBXFrameworksBuildPhase section */

/* Begin PBXGroup section */
		180ABC9D1A9D99530053A7F6 /* Search */ = {
			isa = PBXGroup;
			children = (
				18648AA51A9DB5EF00B5472D /* PRSearchKanjiViewController.swift */,
				18648AA61A9DB5EF00B5472D /* PRSearchKanjiViewController.xib */,
			);
			name = Search;
			sourceTree = "<group>";
		};
		18BD121F1B4E055900D76B2D /* Extensions */ = {
			isa = PBXGroup;
			children = (
				FBD8CB911D72CCB00061DC52 /* PRViewExtension.swift */,
				18BD12241B4E15EF00D76B2D /* PRFontExtension.swift */,
				1899D5871A9F0F1E006B63B0 /* PRMenuViewExtension.swift */,
				184828491B4CDFC1001AB41F /* PRStringExtension.swift */,
			);
			name = Extensions;
			sourceTree = "<group>";
		};
		18C494891A95AE8100095A7E /* General */ = {
			isa = PBXGroup;
			children = (
				189369411A9D4DFD001DEFC4 /* PRSettingsViewController.swift */,
				18C494871A95A55000095A7E /* PRHeaderCoordinator.swift */,
				18C27A091AA4332200B8621C /* PRFilterController.swift */,
				FBBA5A561B5A72FE00CAAC92 /* PRInitController.swift */,
			);
			name = General;
			sourceTree = "<group>";
		};
		18C4948A1A95AE8B00095A7E /* Kanji */ = {
			isa = PBXGroup;
			children = (
				FBD8CB971D72CCD30061DC52 /* PRKanjiMenuViewController.swift */,
				18C4948B1A95B78900095A7E /* PRKanjiPageViewController.swift */,
				18C4948D1A95B7AB00095A7E /* PRKanjiTableViewController.swift */,
				18D0CB111A9C5E060027DD8F /* PRKanjiTableViewHeaderCell.xib */,
				18D0CB131A9C63E80027DD8F /* PRKanjiTableViewHeaderCell.swift */,
			);
			name = Kanji;
			sourceTree = "<group>";
		};
		18C64F221A92034E000F5641 /* Test */ = {
			isa = PBXGroup;
			children = (
				FBD8CB951D72CCC80061DC52 /* PRTestsMenuViewController.swift */,
				18C64F251A9203C1000F5641 /* PRTestViewController.swift */,
				18C64F271A920400000F5641 /* PRTestResultsViewController.swift */,
				18C64F281A920400000F5641 /* PRTestViewController.xib */,
			);
			name = Test;
			sourceTree = "<group>";
		};
		18E4E68C1A8D925C0038F86B /* Flashcard */ = {
			isa = PBXGroup;
			children = (
				FBD8CB931D72CCBC0061DC52 /* PRFlashcardMenuViewController.swift */,
				18D170711A89F03100672203 /* PRFlashcardPageViewController.swift */,
				18D170731A89F13100672203 /* PRFlashcardViewController.xib */,
				18D170751A89F3E200672203 /* PRFlashcardViewController.swift */,
			);
			name = Flashcard;
			sourceTree = "<group>";
		};
		8DD60D42A6665ED76E783A25 /* Pods */ = {
			isa = PBXGroup;
			children = (
				185AF1C488D6EF42DE3C9567 /* Pods-kanjijigoku.debug.xcconfig */,
				A54AB6378B6B046F64D7D9C1 /* Pods-kanjijigoku.release.xcconfig */,
				9580FD2273C5217CAC40490F /* Pods-kanjijigokuTests.debug.xcconfig */,
				C3B6FBFD02427410EA9680C5 /* Pods-kanjijigokuTests.release.xcconfig */,
			);
			name = Pods;
			sourceTree = "<group>";
		};
		D8DE428794ABFD26C4A868BF /* Frameworks */ = {
			isa = PBXGroup;
			children = (
				064766009EFF4D181DAF83BA /* Pods.framework */,
				BA08C36B76E7719B2D756F04 /* Pods_kanjijigoku.framework */,
				1B8BFBF8EE61039CCCBB44D5 /* Pods_kanjijigokuTests.framework */,
			);
			name = Frameworks;
			sourceTree = "<group>";
		};
		FB67D6D41A861B8A00926E38 = {
			isa = PBXGroup;
			children = (
				FB67D7081A86232E00926E38 /* libsqlite3.dylib */,
				FB67D6DF1A861B8A00926E38 /* kanjijigoku */,
				FB67D6F81A861B8B00926E38 /* kanjijigokuTests */,
				FB67D6DE1A861B8A00926E38 /* Products */,
				D8DE428794ABFD26C4A868BF /* Frameworks */,
				8DD60D42A6665ED76E783A25 /* Pods */,
			);
			sourceTree = "<group>";
		};
		FB67D6DE1A861B8A00926E38 /* Products */ = {
			isa = PBXGroup;
			children = (
				FB67D6DD1A861B8A00926E38 /* kanjijigoku.app */,
				FB67D6F51A861B8B00926E38 /* kanjijigokuTests.xctest */,
			);
			name = Products;
			sourceTree = "<group>";
		};
		FB67D6DF1A861B8A00926E38 /* kanjijigoku */ = {
			isa = PBXGroup;
			children = (
				FB6E9B9F1E8D3A36004AB9CC /* FuriganaLibrary */,
				FB1713CD1CCCAEDB00525299 /* kanjijigoku-Bridging-Header.h */,
				FBB1FF781A87252700F323D0 /* Helper */,
				FBB1FF771A87250700F323D0 /* View */,
				FBB1FF761A8724FC00F323D0 /* Controller */,
				18BD121F1B4E055900D76B2D /* Extensions */,
				FBB1FF751A8724DD00F323D0 /* Model */,
				FB67D6E01A861B8A00926E38 /* Supporting Files */,
			);
			path = kanjijigoku;
			sourceTree = "<group>";
		};
		FB67D6E01A861B8A00926E38 /* Supporting Files */ = {
			isa = PBXGroup;
			children = (
				FBD8CB991D72CD380061DC52 /* Resources */,
				FB67D6EC1A861B8A00926E38 /* Images.xcassets */,
				188B81A91B60BE8C00B1543A /* RomajiKanaConversionArray.plist */,
				FB67D6E11A861B8A00926E38 /* Info.plist */,
				18D170691A89BBE800672203 /* flashcardItems.plist */,
				18C5DA261A9314EC007FF4A3 /* testPairing.plist */,
				FBD8131F1CA0374400725593 /* Settings.bundle */,
			);
			name = "Supporting Files";
			sourceTree = "<group>";
		};
		FB67D6F81A861B8B00926E38 /* kanjijigokuTests */ = {
			isa = PBXGroup;
			children = (
				FB67D6FB1A861B8B00926E38 /* kanjijigokuTests.swift */,
				188B81A71B60B7BB00B1543A /* PRRomajiKanaConverterTest.swift */,
				188B81AD1B60E0F500B1543A /* PRStringExtensionTest.swift */,
				FBF399B91CA78FE000D00631 /* PRAuthTest.swift */,
			);
			path = kanjijigokuTests;
			sourceTree = "<group>";
		};
		FB6E9B9F1E8D3A36004AB9CC /* FuriganaLibrary */ = {
			isa = PBXGroup;
			children = (
				FB6E9BA01E8D3A55004AB9CC /* FuriganaLayoutManager.swift */,
				FB6E9BA11E8D3A55004AB9CC /* FuriganaTextView.swift */,
				FB6E9BA21E8D3A55004AB9CC /* FuriganaWordKerner.swift */,
				FB6E9BA31E8D3A55004AB9CC /* StringFuriganaExt.swift */,
			);
			name = FuriganaLibrary;
			sourceTree = "<group>";
		};
		FBB1FF751A8724DD00F323D0 /* Model */ = {
			isa = PBXGroup;
			children = (
				FB1713CE1CCCF09300525299 /* Testable+CoreDataProperties.swift */,
				FB1713CF1CCCF09300525299 /* Testable.swift */,
				FB1713C21CCB263D00525299 /* Settings+CoreDataProperties.swift */,
				FB1713C31CCB263D00525299 /* Settings.swift */,
				18C5DA241A92FEF2007FF4A3 /* Question.swift */,
				FBF343921C5C8C3E00077C9D /* Flashcard.swift */,
				FBF343941C5C8FCD00077C9D /* Kanji+CoreDataProperties.swift */,
				FBF343951C5C8FCD00077C9D /* Kanji.swift */,
				FBF343961C5C8FCD00077C9D /* BaseEntity+CoreDataProperties.swift */,
				FBF343971C5C8FCD00077C9D /* BaseEntity.swift */,
				FBF343981C5C8FCD00077C9D /* Radical+CoreDataProperties.swift */,
				FBF343991C5C8FCD00077C9D /* Radical.swift */,
				FBF3439A1C5C8FCD00077C9D /* Reading+CoreDataProperties.swift */,
				FBF3439B1C5C8FCD00077C9D /* Reading.swift */,
				FBF3439E1C5C8FCD00077C9D /* Onyomi+CoreDataProperties.swift */,
				FBF3439F1C5C8FCD00077C9D /* Onyomi.swift */,
				FBF343A01C5C8FCD00077C9D /* Sentence+CoreDataProperties.swift */,
				FBF343A11C5C8FCD00077C9D /* Sentence.swift */,
				FBF343A41C5C8FCD00077C9D /* Example+CoreDataProperties.swift */,
				FBF343A51C5C8FCD00077C9D /* Example.swift */,
				FBF343B81C5CD1E200077C9D /* Kunyomi+CoreDataProperties.swift */,
				FBF343B91C5CD1E200077C9D /* Kunyomi.swift */,
				FB67D6E41A861B8A00926E38 /* kanjijigoku.xcdatamodeld */,
			);
			name = Model;
			sourceTree = "<group>";
		};
		FBB1FF761A8724FC00F323D0 /* Controller */ = {
			isa = PBXGroup;
			children = (
				180ABC9D1A9D99530053A7F6 /* Search */,
				18C4948A1A95AE8B00095A7E /* Kanji */,
				18C494891A95AE8100095A7E /* General */,
				18C64F221A92034E000F5641 /* Test */,
				18E4E68C1A8D925C0038F86B /* Flashcard */,
			);
			name = Controller;
			sourceTree = "<group>";
		};
		FBB1FF771A87250700F323D0 /* View */ = {
			isa = PBXGroup;
			children = (
				1812D5441AA9A771004C91D0 /* PRFilterCell.swift */,
				18C64F1B1A917AC5000F5641 /* PRFuriganaLabel.swift */,
				180ABC971A9D5CFB0053A7F6 /* PRFilterCell.xib */,
				FB67D6EE1A861B8A00926E38 /* LaunchScreen.xib */,
				18D170611A89A0B000672203 /* PRHeaderViewCell.xib */,
				18D170631A89A49B00672203 /* PRHeaderViewCell.swift */,
				1860524D1A9AF44C0046247B /* PRKanjiHeader.swift */,
				188C73671A9EE6E600D1634C /* PRRelatedKanjiCell.swift */,
				188C73681A9EE6E600D1634C /* PRRelatedKanjiCell.xib */,
				1812D5421AA9A35E004C91D0 /* PRNoCursorTextField.swift */,
				1848284C1B4CF964001AB41F /* PRDetailedKanjiCell.swift */,
			);
			name = View;
			sourceTree = "<group>";
		};
		FBB1FF781A87252700F323D0 /* Helper */ = {
			isa = PBXGroup;
			children = (
				FBD8CB8B1D72CC940061DC52 /* AppDefaults.swift */,
				FBD8CB8C1D72CC940061DC52 /* AppDelegate.swift */,
				FBD8CB8D1D72CC940061DC52 /* PRDatabaseHelper.swift */,
				18D1706D1A89D77B00672203 /* PRStateSingleton.swift */,
				1871527E1AE5F67B008AD647 /* PRImageGenerator.swift */,
				188B81A31B60AB3D00B1543A /* PRRomajiKanaConverter.swift */,
				FBC6C71C1CCF865F009E5598 /* ImportOperation.swift */,
			);
			name = Helper;
			sourceTree = "<group>";
		};
		FBD8CB991D72CD380061DC52 /* Resources */ = {
			isa = PBXGroup;
			children = (
				FBD8CB9A1D72CD430061DC52 /* clientDB.db */,
			);
			name = Resources;
			sourceTree = "<group>";
		};
/* End PBXGroup section */

/* Begin PBXNativeTarget section */
		FB67D6DC1A861B8A00926E38 /* kanjijigoku */ = {
			isa = PBXNativeTarget;
			buildConfigurationList = FB67D6FF1A861B8B00926E38 /* Build configuration list for PBXNativeTarget "kanjijigoku" */;
			buildPhases = (
				EB0F1E76E2C5A9132E137E16 /* [CP] Check Pods Manifest.lock */,
				FB67D6D91A861B8A00926E38 /* Sources */,
				FB67D6DA1A861B8A00926E38 /* Frameworks */,
				FB67D6DB1A861B8A00926E38 /* Resources */,
				FB1713BD1CCB1B5800525299 /* ShellScript */,
				630AE1351ED3465A6E5E4E2A /* [CP] Embed Pods Frameworks */,
				C217B0CE938B7254BE0C5AC4 /* [CP] Copy Pods Resources */,
			);
			buildRules = (
			);
			dependencies = (
			);
			name = kanjijigoku;
			productName = kanjijigoku;
			productReference = FB67D6DD1A861B8A00926E38 /* kanjijigoku.app */;
			productType = "com.apple.product-type.application";
		};
		FB67D6F41A861B8B00926E38 /* kanjijigokuTests */ = {
			isa = PBXNativeTarget;
			buildConfigurationList = FB67D7021A861B8B00926E38 /* Build configuration list for PBXNativeTarget "kanjijigokuTests" */;
			buildPhases = (
				74DA40AC3347C07C85564BCD /* [CP] Check Pods Manifest.lock */,
				FB67D6F11A861B8B00926E38 /* Sources */,
				FB67D6F21A861B8B00926E38 /* Frameworks */,
				FB67D6F31A861B8B00926E38 /* Resources */,
				FB1713BC1CCB1B0B00525299 /* ShellScript */,
				2A5726546AD7B719D0D2DD80 /* [CP] Embed Pods Frameworks */,
				38D95A95C3D8C5DE3B38A857 /* [CP] Copy Pods Resources */,
			);
			buildRules = (
			);
			dependencies = (
				FB67D6F71A861B8B00926E38 /* PBXTargetDependency */,
			);
			name = kanjijigokuTests;
			productName = kanjijigokuTests;
			productReference = FB67D6F51A861B8B00926E38 /* kanjijigokuTests.xctest */;
			productType = "com.apple.product-type.bundle.unit-test";
		};
/* End PBXNativeTarget section */

/* Begin PBXProject section */
		FB67D6D51A861B8A00926E38 /* Project object */ = {
			isa = PBXProject;
			attributes = {
				LastSwiftMigration = 0700;
				LastSwiftUpdateCheck = 0700;
				LastUpgradeCheck = 0700;
				ORGANIZATIONNAME = "Pawel Rusin";
				TargetAttributes = {
					FB67D6DC1A861B8A00926E38 = {
						CreatedOnToolsVersion = 6.1;
						DevelopmentTeam = VA566HV7D5;
						LastSwiftMigration = 0800;
					};
					FB67D6F41A861B8B00926E38 = {
						CreatedOnToolsVersion = 6.1;
						LastSwiftMigration = 0800;
						TestTargetID = FB67D6DC1A861B8A00926E38;
					};
				};
			};
			buildConfigurationList = FB67D6D81A861B8A00926E38 /* Build configuration list for PBXProject "kanjijigoku" */;
			compatibilityVersion = "Xcode 3.2";
			developmentRegion = English;
			hasScannedForEncodings = 0;
			knownRegions = (
				en,
				Base,
			);
			mainGroup = FB67D6D41A861B8A00926E38;
			productRefGroup = FB67D6DE1A861B8A00926E38 /* Products */;
			projectDirPath = "";
			projectRoot = "";
			targets = (
				FB67D6DC1A861B8A00926E38 /* kanjijigoku */,
				FB67D6F41A861B8B00926E38 /* kanjijigokuTests */,
			);
		};
/* End PBXProject section */

/* Begin PBXResourcesBuildPhase section */
		FB67D6DB1A861B8A00926E38 /* Resources */ = {
			isa = PBXResourcesBuildPhase;
			buildActionMask = 2147483647;
			files = (
				18D1706A1A89BBE800672203 /* flashcardItems.plist in Resources */,
				FB67D6F01A861B8A00926E38 /* LaunchScreen.xib in Resources */,
				FBD813201CA0374400725593 /* Settings.bundle in Resources */,
				180ABC981A9D5CFB0053A7F6 /* PRFilterCell.xib in Resources */,
				18D0CB121A9C5E060027DD8F /* PRKanjiTableViewHeaderCell.xib in Resources */,
				18648AA81A9DB5EF00B5472D /* PRSearchKanjiViewController.xib in Resources */,
				FB67D6ED1A861B8A00926E38 /* Images.xcassets in Resources */,
				188B81AA1B60BE8C00B1543A /* RomajiKanaConversionArray.plist in Resources */,
				18C64F2A1A920400000F5641 /* PRTestViewController.xib in Resources */,
				18C5DA271A9314EC007FF4A3 /* testPairing.plist in Resources */,
				FBD8CB9B1D72CD430061DC52 /* clientDB.db in Resources */,
				188C736A1A9EE6E600D1634C /* PRRelatedKanjiCell.xib in Resources */,
				18D170621A89A0B000672203 /* PRHeaderViewCell.xib in Resources */,
				18D170741A89F13100672203 /* PRFlashcardViewController.xib in Resources */,
			);
			runOnlyForDeploymentPostprocessing = 0;
		};
		FB67D6F31A861B8B00926E38 /* Resources */ = {
			isa = PBXResourcesBuildPhase;
			buildActionMask = 2147483647;
			files = (
			);
			runOnlyForDeploymentPostprocessing = 0;
		};
/* End PBXResourcesBuildPhase section */

/* Begin PBXShellScriptBuildPhase section */
		2A5726546AD7B719D0D2DD80 /* [CP] Embed Pods Frameworks */ = {
			isa = PBXShellScriptBuildPhase;
			buildActionMask = 2147483647;
			files = (
			);
			inputPaths = (
			);
			name = "[CP] Embed Pods Frameworks";
			outputPaths = (
			);
			runOnlyForDeploymentPostprocessing = 0;
			shellPath = /bin/sh;
			shellScript = "\"${SRCROOT}/Pods/Target Support Files/Pods-kanjijigokuTests/Pods-kanjijigokuTests-frameworks.sh\"\n";
			showEnvVarsInLog = 0;
		};
		38D95A95C3D8C5DE3B38A857 /* [CP] Copy Pods Resources */ = {
			isa = PBXShellScriptBuildPhase;
			buildActionMask = 2147483647;
			files = (
			);
			inputPaths = (
			);
			name = "[CP] Copy Pods Resources";
			outputPaths = (
			);
			runOnlyForDeploymentPostprocessing = 0;
			shellPath = /bin/sh;
			shellScript = "\"${SRCROOT}/Pods/Target Support Files/Pods-kanjijigokuTests/Pods-kanjijigokuTests-resources.sh\"\n";
			showEnvVarsInLog = 0;
		};
		630AE1351ED3465A6E5E4E2A /* [CP] Embed Pods Frameworks */ = {
			isa = PBXShellScriptBuildPhase;
			buildActionMask = 2147483647;
			files = (
			);
			inputPaths = (
			);
			name = "[CP] Embed Pods Frameworks";
			outputPaths = (
			);
			runOnlyForDeploymentPostprocessing = 0;
			shellPath = /bin/sh;
			shellScript = "\"${SRCROOT}/Pods/Target Support Files/Pods-kanjijigoku/Pods-kanjijigoku-frameworks.sh\"\n";
			showEnvVarsInLog = 0;
		};
		74DA40AC3347C07C85564BCD /* [CP] Check Pods Manifest.lock */ = {
			isa = PBXShellScriptBuildPhase;
			buildActionMask = 2147483647;
			files = (
			);
			inputPaths = (
			);
			name = "[CP] Check Pods Manifest.lock";
			outputPaths = (
			);
			runOnlyForDeploymentPostprocessing = 0;
			shellPath = /bin/sh;
			shellScript = "diff \"${PODS_ROOT}/../Podfile.lock\" \"${PODS_ROOT}/Manifest.lock\" > /dev/null\nif [ $? != 0 ] ; then\n    # print error to STDERR\n    echo \"error: The sandbox is not in sync with the Podfile.lock. Run 'pod install' or update your CocoaPods installation.\" >&2\n    exit 1\nfi\n";
			showEnvVarsInLog = 0;
		};
		C217B0CE938B7254BE0C5AC4 /* [CP] Copy Pods Resources */ = {
			isa = PBXShellScriptBuildPhase;
			buildActionMask = 2147483647;
			files = (
			);
			inputPaths = (
			);
			name = "[CP] Copy Pods Resources";
			outputPaths = (
			);
			runOnlyForDeploymentPostprocessing = 0;
			shellPath = /bin/sh;
			shellScript = "\"${SRCROOT}/Pods/Target Support Files/Pods-kanjijigoku/Pods-kanjijigoku-resources.sh\"\n";
			showEnvVarsInLog = 0;
		};
		EB0F1E76E2C5A9132E137E16 /* [CP] Check Pods Manifest.lock */ = {
			isa = PBXShellScriptBuildPhase;
			buildActionMask = 2147483647;
			files = (
			);
			inputPaths = (
			);
			name = "[CP] Check Pods Manifest.lock";
			outputPaths = (
			);
			runOnlyForDeploymentPostprocessing = 0;
			shellPath = /bin/sh;
			shellScript = "diff \"${PODS_ROOT}/../Podfile.lock\" \"${PODS_ROOT}/Manifest.lock\" > /dev/null\nif [ $? != 0 ] ; then\n    # print error to STDERR\n    echo \"error: The sandbox is not in sync with the Podfile.lock. Run 'pod install' or update your CocoaPods installation.\" >&2\n    exit 1\nfi\n";
			showEnvVarsInLog = 0;
		};
		FB1713BC1CCB1B0B00525299 /* ShellScript */ = {
			isa = PBXShellScriptBuildPhase;
			buildActionMask = 2147483647;
			files = (
			);
			inputPaths = (
			);
			outputPaths = (
			);
			runOnlyForDeploymentPostprocessing = 0;
			shellPath = /bin/sh;
			shellScript = "";
		};
		FB1713BD1CCB1B5800525299 /* ShellScript */ = {
			isa = PBXShellScriptBuildPhase;
			buildActionMask = 2147483647;
			files = (
			);
			inputPaths = (
			);
			outputPaths = (
			);
			runOnlyForDeploymentPostprocessing = 0;
			shellPath = /bin/sh;
			shellScript = "\"${PODS_ROOT}/Fabric/run\" fed7f26637faa2599f2aa786450fa22921d72a5f 8de527d218b06011f2c60e0a41405a9e2ea65de663eb159c09d5c278cb9518dc";
		};
/* End PBXShellScriptBuildPhase section */

/* Begin PBXSourcesBuildPhase section */
		FB67D6D91A861B8A00926E38 /* Sources */ = {
			isa = PBXSourcesBuildPhase;
			buildActionMask = 2147483647;
			files = (
				1848284A1B4CDFC1001AB41F /* PRStringExtension.swift in Sources */,
				FBF343A91C5C8FCD00077C9D /* BaseEntity.swift in Sources */,
				18D170721A89F03100672203 /* PRFlashcardPageViewController.swift in Sources */,
				18C64F291A920400000F5641 /* PRTestResultsViewController.swift in Sources */,
				FBD8CB8F1D72CC940061DC52 /* AppDelegate.swift in Sources */,
				FBF343BA1C5CD1E200077C9D /* Kunyomi+CoreDataProperties.swift in Sources */,
				FBF343B61C5C8FCD00077C9D /* Example+CoreDataProperties.swift in Sources */,
				18C64F261A9203C1000F5641 /* PRTestViewController.swift in Sources */,
				1848284D1B4CF964001AB41F /* PRDetailedKanjiCell.swift in Sources */,
				FB1713C51CCB263D00525299 /* Settings.swift in Sources */,
				FBF343B11C5C8FCD00077C9D /* Onyomi.swift in Sources */,
				FB1713D01CCCF09300525299 /* Testable+CoreDataProperties.swift in Sources */,
				FBD8CB921D72CCB00061DC52 /* PRViewExtension.swift in Sources */,
				FBF343931C5C8C3E00077C9D /* Flashcard.swift in Sources */,
				FB6E9BA41E8D3A55004AB9CC /* FuriganaLayoutManager.swift in Sources */,
				FBF343AA1C5C8FCD00077C9D /* Radical+CoreDataProperties.swift in Sources */,
				18D0CB141A9C63E80027DD8F /* PRKanjiTableViewHeaderCell.swift in Sources */,
				18C4948E1A95B7AB00095A7E /* PRKanjiTableViewController.swift in Sources */,
				FBF343B21C5C8FCD00077C9D /* Sentence+CoreDataProperties.swift in Sources */,
				18D170761A89F3E200672203 /* PRFlashcardViewController.swift in Sources */,
				FB1713D11CCCF09300525299 /* Testable.swift in Sources */,
				FBD8CB901D72CC940061DC52 /* PRDatabaseHelper.swift in Sources */,
				FBBA5A571B5A72FE00CAAC92 /* PRInitController.swift in Sources */,
				FBF343A81C5C8FCD00077C9D /* BaseEntity+CoreDataProperties.swift in Sources */,
				FBD8CB981D72CCD30061DC52 /* PRKanjiMenuViewController.swift in Sources */,
				18C494881A95A55000095A7E /* PRHeaderCoordinator.swift in Sources */,
				FBF343A71C5C8FCD00077C9D /* Kanji.swift in Sources */,
				188B81A41B60AB3D00B1543A /* PRRomajiKanaConverter.swift in Sources */,
				FBF343B71C5C8FCD00077C9D /* Example.swift in Sources */,
				FBD8CB941D72CCBC0061DC52 /* PRFlashcardMenuViewController.swift in Sources */,
				FBF343AB1C5C8FCD00077C9D /* Radical.swift in Sources */,
				18C64F1C1A917AC5000F5641 /* PRFuriganaLabel.swift in Sources */,
				188C73691A9EE6E600D1634C /* PRRelatedKanjiCell.swift in Sources */,
				FBF343B31C5C8FCD00077C9D /* Sentence.swift in Sources */,
				1899D5881A9F0F1E006B63B0 /* PRMenuViewExtension.swift in Sources */,
				FB6E9BA61E8D3A55004AB9CC /* FuriganaWordKerner.swift in Sources */,
				FBF343AC1C5C8FCD00077C9D /* Reading+CoreDataProperties.swift in Sources */,
				FBF343AD1C5C8FCD00077C9D /* Reading.swift in Sources */,
				18D1706E1A89D77B00672203 /* PRStateSingleton.swift in Sources */,
				18BD12251B4E15EF00D76B2D /* PRFontExtension.swift in Sources */,
				FBD8CB8E1D72CC940061DC52 /* AppDefaults.swift in Sources */,
				FB67D6E61A861B8A00926E38 /* kanjijigoku.xcdatamodeld in Sources */,
				FBF343A61C5C8FCD00077C9D /* Kanji+CoreDataProperties.swift in Sources */,
				18D170641A89A49B00672203 /* PRHeaderViewCell.swift in Sources */,
				FB1713C41CCB263D00525299 /* Settings+CoreDataProperties.swift in Sources */,
				FBF343B01C5C8FCD00077C9D /* Onyomi+CoreDataProperties.swift in Sources */,
				189369431A9D4DFD001DEFC4 /* PRSettingsViewController.swift in Sources */,
				FB6E9BA51E8D3A55004AB9CC /* FuriganaTextView.swift in Sources */,
				18C27A0A1AA4332200B8621C /* PRFilterController.swift in Sources */,
				18C5DA251A92FEF2007FF4A3 /* Question.swift in Sources */,
				1860524E1A9AF44C0046247B /* PRKanjiHeader.swift in Sources */,
				FB6E9BA71E8D3A55004AB9CC /* StringFuriganaExt.swift in Sources */,
				FBD8CB961D72CCC80061DC52 /* PRTestsMenuViewController.swift in Sources */,
				18648AA71A9DB5EF00B5472D /* PRSearchKanjiViewController.swift in Sources */,
				1812D5431AA9A35E004C91D0 /* PRNoCursorTextField.swift in Sources */,
				1812D5451AA9A771004C91D0 /* PRFilterCell.swift in Sources */,
				FBC6C71D1CCF865F009E5598 /* ImportOperation.swift in Sources */,
				18C4948C1A95B78900095A7E /* PRKanjiPageViewController.swift in Sources */,
				FBF343BB1C5CD1E200077C9D /* Kunyomi.swift in Sources */,
				1871527F1AE5F67B008AD647 /* PRImageGenerator.swift in Sources */,
			);
			runOnlyForDeploymentPostprocessing = 0;
		};
		FB67D6F11A861B8B00926E38 /* Sources */ = {
			isa = PBXSourcesBuildPhase;
			buildActionMask = 2147483647;
			files = (
				FB8040091CC257F500E75C8B /* PRFilterCell.swift in Sources */,
				FB80400A1CC257F500E75C8B /* PRFuriganaLabel.swift in Sources */,
				FB80400B1CC257F500E75C8B /* PRHeaderViewCell.swift in Sources */,
				FB80400C1CC257F500E75C8B /* PRKanjiHeader.swift in Sources */,
				FB80400D1CC257F500E75C8B /* PRRelatedKanjiCell.swift in Sources */,
				FB80400E1CC257F500E75C8B /* PRNoCursorTextField.swift in Sources */,
				FB80400F1CC257F500E75C8B /* PRDetailedKanjiCell.swift in Sources */,
				FB8040101CC257F500E75C8B /* PRSearchKanjiViewController.swift in Sources */,
				FB8040121CC257F500E75C8B /* PRKanjiPageViewController.swift in Sources */,
				FB8040131CC257F500E75C8B /* PRKanjiTableViewController.swift in Sources */,
				FB8040141CC257F500E75C8B /* PRKanjiTableViewHeaderCell.swift in Sources */,
				FB8040161CC257F500E75C8B /* PRTestViewController.swift in Sources */,
				FB8040171CC257F500E75C8B /* PRTestResultsViewController.swift in Sources */,
				FB8040181CC257F500E75C8B /* PRFlashcardPageViewController.swift in Sources */,
				FB80401A1CC257F500E75C8B /* PRFlashcardViewController.swift in Sources */,
				FB1713C61CCB2A5A00525299 /* Settings.swift in Sources */,
				FB8040051CC2563100E75C8B /* PRSettingsViewController.swift in Sources */,
				FB8040061CC2563100E75C8B /* PRHeaderCoordinator.swift in Sources */,
				FB8040071CC2563100E75C8B /* PRFilterController.swift in Sources */,
				FB8040081CC2563100E75C8B /* PRInitController.swift in Sources */,
				FB803FF11CC2562300E75C8B /* Question.swift in Sources */,
				FB803FF21CC2562300E75C8B /* Flashcard.swift in Sources */,
				FB803FF31CC2562300E75C8B /* Kanji+CoreDataProperties.swift in Sources */,
				FB803FF41CC2562300E75C8B /* Kanji.swift in Sources */,
				FB803FF51CC2562300E75C8B /* BaseEntity+CoreDataProperties.swift in Sources */,
				FB803FF61CC2562300E75C8B /* BaseEntity.swift in Sources */,
				FB803FF71CC2562400E75C8B /* Radical+CoreDataProperties.swift in Sources */,
				FB803FF81CC2562400E75C8B /* Radical.swift in Sources */,
				FB803FF91CC2562400E75C8B /* Reading+CoreDataProperties.swift in Sources */,
				FB803FFA1CC2562400E75C8B /* Reading.swift in Sources */,
				FB803FFD1CC2562400E75C8B /* Onyomi+CoreDataProperties.swift in Sources */,
				FB803FFE1CC2562400E75C8B /* Onyomi.swift in Sources */,
				FB803FFF1CC2562400E75C8B /* Sentence+CoreDataProperties.swift in Sources */,
				FB8040001CC2562400E75C8B /* Sentence.swift in Sources */,
				FB8040011CC2562400E75C8B /* Example+CoreDataProperties.swift in Sources */,
				FB8040021CC2562400E75C8B /* Example.swift in Sources */,
				FB8040031CC2562400E75C8B /* Kunyomi+CoreDataProperties.swift in Sources */,
				FB1713C71CCB2A5D00525299 /* Settings+CoreDataProperties.swift in Sources */,
				FB8040041CC2562400E75C8B /* Kunyomi.swift in Sources */,
				FB803FED1CC2561800E75C8B /* PRFontExtension.swift in Sources */,
				FB803FEE1CC2561800E75C8B /* PRMenuViewExtension.swift in Sources */,
				FB803FEF1CC2561800E75C8B /* PRStringExtension.swift in Sources */,
				FB803FE81CC2560A00E75C8B /* PRStateSingleton.swift in Sources */,
				FB803FE91CC2560A00E75C8B /* PRImageGenerator.swift in Sources */,
				FB803FEB1CC2560A00E75C8B /* PRRomajiKanaConverter.swift in Sources */,
				FB67D6FC1A861B8B00926E38 /* kanjijigokuTests.swift in Sources */,
				188B81A81B60B7BB00B1543A /* PRRomajiKanaConverterTest.swift in Sources */,
				FBF399BA1CA78FE000D00631 /* PRAuthTest.swift in Sources */,
				188B81AE1B60E0F500B1543A /* PRStringExtensionTest.swift in Sources */,
			);
			runOnlyForDeploymentPostprocessing = 0;
		};
/* End PBXSourcesBuildPhase section */

/* Begin PBXTargetDependency section */
		FB67D6F71A861B8B00926E38 /* PBXTargetDependency */ = {
			isa = PBXTargetDependency;
			target = FB67D6DC1A861B8A00926E38 /* kanjijigoku */;
			targetProxy = FB67D6F61A861B8B00926E38 /* PBXContainerItemProxy */;
		};
/* End PBXTargetDependency section */

/* Begin PBXVariantGroup section */
		FB67D6EE1A861B8A00926E38 /* LaunchScreen.xib */ = {
			isa = PBXVariantGroup;
			children = (
				FB67D6EF1A861B8A00926E38 /* Base */,
			);
			name = LaunchScreen.xib;
			sourceTree = "<group>";
		};
/* End PBXVariantGroup section */

/* Begin XCBuildConfiguration section */
		FB67D6FD1A861B8B00926E38 /* Debug */ = {
			isa = XCBuildConfiguration;
			buildSettings = {
				ALWAYS_SEARCH_USER_PATHS = NO;
				CLANG_CXX_LANGUAGE_STANDARD = "gnu++0x";
				CLANG_CXX_LIBRARY = "libc++";
				CLANG_ENABLE_MODULES = YES;
				CLANG_ENABLE_OBJC_ARC = YES;
				CLANG_WARN_BOOL_CONVERSION = YES;
				CLANG_WARN_CONSTANT_CONVERSION = YES;
				CLANG_WARN_DIRECT_OBJC_ISA_USAGE = YES_ERROR;
				CLANG_WARN_EMPTY_BODY = YES;
				CLANG_WARN_ENUM_CONVERSION = YES;
				CLANG_WARN_INT_CONVERSION = YES;
				CLANG_WARN_OBJC_ROOT_CLASS = YES_ERROR;
				CLANG_WARN_UNREACHABLE_CODE = YES;
				CLANG_WARN__DUPLICATE_METHOD_MATCH = YES;
				"CODE_SIGN_IDENTITY[sdk=iphoneos*]" = "iPhone Developer";
				COPY_PHASE_STRIP = NO;
				ENABLE_STRICT_OBJC_MSGSEND = YES;
				ENABLE_TESTABILITY = YES;
				GCC_C_LANGUAGE_STANDARD = gnu99;
				GCC_DYNAMIC_NO_PIC = NO;
				GCC_OPTIMIZATION_LEVEL = 0;
				GCC_PREPROCESSOR_DEFINITIONS = (
					"DEBUG=1",
					"$(inherited)",
				);
				GCC_SYMBOLS_PRIVATE_EXTERN = NO;
				GCC_WARN_64_TO_32_BIT_CONVERSION = YES;
				GCC_WARN_ABOUT_RETURN_TYPE = YES_ERROR;
				GCC_WARN_UNDECLARED_SELECTOR = YES;
				GCC_WARN_UNINITIALIZED_AUTOS = YES_AGGRESSIVE;
				GCC_WARN_UNUSED_FUNCTION = YES;
				GCC_WARN_UNUSED_VARIABLE = YES;
				IPHONEOS_DEPLOYMENT_TARGET = 8.1;
				MTL_ENABLE_DEBUG_INFO = YES;
				ONLY_ACTIVE_ARCH = YES;
				SDKROOT = iphoneos;
				SWIFT_OBJC_BRIDGING_HEADER = "kanjijigoku-Bridging-Header.h";
				SWIFT_OPTIMIZATION_LEVEL = "-Onone";
				TARGETED_DEVICE_FAMILY = "1,2";
				USER_HEADER_SEARCH_PATHS = "Pods/**";
			};
			name = Debug;
		};
		FB67D6FE1A861B8B00926E38 /* Release */ = {
			isa = XCBuildConfiguration;
			buildSettings = {
				ALWAYS_SEARCH_USER_PATHS = NO;
				CLANG_CXX_LANGUAGE_STANDARD = "gnu++0x";
				CLANG_CXX_LIBRARY = "libc++";
				CLANG_ENABLE_MODULES = YES;
				CLANG_ENABLE_OBJC_ARC = YES;
				CLANG_WARN_BOOL_CONVERSION = YES;
				CLANG_WARN_CONSTANT_CONVERSION = YES;
				CLANG_WARN_DIRECT_OBJC_ISA_USAGE = YES_ERROR;
				CLANG_WARN_EMPTY_BODY = YES;
				CLANG_WARN_ENUM_CONVERSION = YES;
				CLANG_WARN_INT_CONVERSION = YES;
				CLANG_WARN_OBJC_ROOT_CLASS = YES_ERROR;
				CLANG_WARN_UNREACHABLE_CODE = YES;
				CLANG_WARN__DUPLICATE_METHOD_MATCH = YES;
				"CODE_SIGN_IDENTITY[sdk=iphoneos*]" = "iPhone Developer";
				COPY_PHASE_STRIP = YES;
				ENABLE_NS_ASSERTIONS = NO;
				ENABLE_STRICT_OBJC_MSGSEND = YES;
				GCC_C_LANGUAGE_STANDARD = gnu99;
				GCC_WARN_64_TO_32_BIT_CONVERSION = YES;
				GCC_WARN_ABOUT_RETURN_TYPE = YES_ERROR;
				GCC_WARN_UNDECLARED_SELECTOR = YES;
				GCC_WARN_UNINITIALIZED_AUTOS = YES_AGGRESSIVE;
				GCC_WARN_UNUSED_FUNCTION = YES;
				GCC_WARN_UNUSED_VARIABLE = YES;
				IPHONEOS_DEPLOYMENT_TARGET = 8.1;
				MTL_ENABLE_DEBUG_INFO = NO;
				SDKROOT = iphoneos;
				SWIFT_OBJC_BRIDGING_HEADER = "kanjijigoku-Bridging-Header.h";
				TARGETED_DEVICE_FAMILY = "1,2";
				USER_HEADER_SEARCH_PATHS = "Pods/**";
				VALIDATE_PRODUCT = YES;
			};
			name = Release;
		};
		FB67D7001A861B8B00926E38 /* Debug */ = {
			isa = XCBuildConfiguration;
			baseConfigurationReference = 185AF1C488D6EF42DE3C9567 /* Pods-kanjijigoku.debug.xcconfig */;
			buildSettings = {
				ASSETCATALOG_COMPILER_APPICON_NAME = AppIcon;
				CODE_SIGN_IDENTITY = "iPhone Developer";
				"CODE_SIGN_IDENTITY[sdk=iphoneos*]" = "iPhone Developer";
				INFOPLIST_FILE = kanjijigoku/Info.plist;
				LD_RUNPATH_SEARCH_PATHS = "$(inherited) @executable_path/Frameworks";
				PRODUCT_BUNDLE_IDENTIFIER = "com.pawel.rusin.$(PRODUCT_NAME:rfc1034identifier)";
				PRODUCT_NAME = "$(TARGET_NAME)";
				PROVISIONING_PROFILE = "";
				SWIFT_OBJC_BRIDGING_HEADER = "kanjijigoku/kanjijigoku-Bridging-Header.h";
				SWIFT_VERSION = 3.0;
			};
			name = Debug;
		};
		FB67D7011A861B8B00926E38 /* Release */ = {
			isa = XCBuildConfiguration;
			baseConfigurationReference = A54AB6378B6B046F64D7D9C1 /* Pods-kanjijigoku.release.xcconfig */;
			buildSettings = {
				ASSETCATALOG_COMPILER_APPICON_NAME = AppIcon;
				CODE_SIGN_IDENTITY = "iPhone Developer";
				"CODE_SIGN_IDENTITY[sdk=iphoneos*]" = "iPhone Developer";
				INFOPLIST_FILE = kanjijigoku/Info.plist;
				LD_RUNPATH_SEARCH_PATHS = "$(inherited) @executable_path/Frameworks";
				PRODUCT_BUNDLE_IDENTIFIER = "com.pawel.rusin.$(PRODUCT_NAME:rfc1034identifier)";
				PRODUCT_NAME = "$(TARGET_NAME)";
				PROVISIONING_PROFILE = "";
				SWIFT_OBJC_BRIDGING_HEADER = "kanjijigoku/kanjijigoku-Bridging-Header.h";
				SWIFT_VERSION = 3.0;
			};
			name = Release;
		};
		FB67D7031A861B8B00926E38 /* Debug */ = {
			isa = XCBuildConfiguration;
			baseConfigurationReference = 9580FD2273C5217CAC40490F /* Pods-kanjijigokuTests.debug.xcconfig */;
			buildSettings = {
				BUNDLE_LOADER = "$(TEST_HOST)";
				FRAMEWORK_SEARCH_PATHS = (
					"$(SDKROOT)/Developer/Library/Frameworks",
					"$(inherited)",
				);
				GCC_PREPROCESSOR_DEFINITIONS = (
					"DEBUG=1",
					"$(inherited)",
				);
				INFOPLIST_FILE = kanjijigokuTests/Info.plist;
				LD_RUNPATH_SEARCH_PATHS = "$(inherited) @executable_path/Frameworks @loader_path/Frameworks";
				PRODUCT_BUNDLE_IDENTIFIER = "com.pawel.rusin.$(PRODUCT_NAME:rfc1034identifier)";
				PRODUCT_NAME = "$(TARGET_NAME)";
				SWIFT_VERSION = 3.0;
				TEST_HOST = "$(BUILT_PRODUCTS_DIR)/kanjijigoku.app/kanjijigoku";
			};
			name = Debug;
		};
		FB67D7041A861B8B00926E38 /* Release */ = {
			isa = XCBuildConfiguration;
			baseConfigurationReference = C3B6FBFD02427410EA9680C5 /* Pods-kanjijigokuTests.release.xcconfig */;
			buildSettings = {
				BUNDLE_LOADER = "$(TEST_HOST)";
				FRAMEWORK_SEARCH_PATHS = (
					"$(SDKROOT)/Developer/Library/Frameworks",
					"$(inherited)",
				);
				INFOPLIST_FILE = kanjijigokuTests/Info.plist;
				LD_RUNPATH_SEARCH_PATHS = "$(inherited) @executable_path/Frameworks @loader_path/Frameworks";
				PRODUCT_BUNDLE_IDENTIFIER = "com.pawel.rusin.$(PRODUCT_NAME:rfc1034identifier)";
				PRODUCT_NAME = "$(TARGET_NAME)";
				SWIFT_VERSION = 3.0;
				TEST_HOST = "$(BUILT_PRODUCTS_DIR)/kanjijigoku.app/kanjijigoku";
			};
			name = Release;
		};
/* End XCBuildConfiguration section */

/* Begin XCConfigurationList section */
		FB67D6D81A861B8A00926E38 /* Build configuration list for PBXProject "kanjijigoku" */ = {
			isa = XCConfigurationList;
			buildConfigurations = (
				FB67D6FD1A861B8B00926E38 /* Debug */,
				FB67D6FE1A861B8B00926E38 /* Release */,
			);
			defaultConfigurationIsVisible = 0;
			defaultConfigurationName = Release;
		};
		FB67D6FF1A861B8B00926E38 /* Build configuration list for PBXNativeTarget "kanjijigoku" */ = {
			isa = XCConfigurationList;
			buildConfigurations = (
				FB67D7001A861B8B00926E38 /* Debug */,
				FB67D7011A861B8B00926E38 /* Release */,
			);
			defaultConfigurationIsVisible = 0;
			defaultConfigurationName = Release;
		};
		FB67D7021A861B8B00926E38 /* Build configuration list for PBXNativeTarget "kanjijigokuTests" */ = {
			isa = XCConfigurationList;
			buildConfigurations = (
				FB67D7031A861B8B00926E38 /* Debug */,
				FB67D7041A861B8B00926E38 /* Release */,
			);
			defaultConfigurationIsVisible = 0;
			defaultConfigurationName = Release;
		};
/* End XCConfigurationList section */

/* Begin XCVersionGroup section */
		FB67D6E41A861B8A00926E38 /* kanjijigoku.xcdatamodeld */ = {
			isa = XCVersionGroup;
			children = (
				FB67D6E51A861B8A00926E38 /* kanjijigoku.xcdatamodel */,
			);
			currentVersion = FB67D6E51A861B8A00926E38 /* kanjijigoku.xcdatamodel */;
			path = kanjijigoku.xcdatamodeld;
			sourceTree = "<group>";
			versionGroupType = wrapper.xcdatamodel;
		};
/* End XCVersionGroup section */
	};
	rootObject = FB67D6D51A861B8A00926E38 /* Project object */;
}
